// !$*UTF8*$!
{
	archiveVersion = 1;
	classes = {
	};
	objectVersion = 56;
	objects = {

/* Begin PBXBuildFile section */
		881450C32B7E751700E4DB1C /* SecretConfig.plist in Resources */ = {isa = PBXBuildFile; fileRef = 881450C22B7E751700E4DB1C /* SecretConfig.plist */; };
		881450C52B7E75C800E4DB1C /* NetworkService.swift in Sources */ = {isa = PBXBuildFile; fileRef = 881450C42B7E75C800E4DB1C /* NetworkService.swift */; };
		88A04CF12B7DFF62007ACC23 /* AppDelegate.swift in Sources */ = {isa = PBXBuildFile; fileRef = 88A04CF02B7DFF62007ACC23 /* AppDelegate.swift */; };
		88A04CF32B7DFF62007ACC23 /* SceneDelegate.swift in Sources */ = {isa = PBXBuildFile; fileRef = 88A04CF22B7DFF62007ACC23 /* SceneDelegate.swift */; };
		88A04CFB2B7DFF62007ACC23 /* GamesInfo.xcdatamodeld in Sources */ = {isa = PBXBuildFile; fileRef = 88A04CF92B7DFF62007ACC23 /* GamesInfo.xcdatamodeld */; };
		88A04CFD2B7DFF63007ACC23 /* Assets.xcassets in Resources */ = {isa = PBXBuildFile; fileRef = 88A04CFC2B7DFF63007ACC23 /* Assets.xcassets */; };
		88A04D002B7DFF63007ACC23 /* LaunchScreen.storyboard in Resources */ = {isa = PBXBuildFile; fileRef = 88A04CFE2B7DFF63007ACC23 /* LaunchScreen.storyboard */; };
		88A04D0B2B7DFF63007ACC23 /* GamesInfoTests.swift in Sources */ = {isa = PBXBuildFile; fileRef = 88A04D0A2B7DFF63007ACC23 /* GamesInfoTests.swift */; };
		88A04D152B7DFF63007ACC23 /* GamesInfoUITests.swift in Sources */ = {isa = PBXBuildFile; fileRef = 88A04D142B7DFF63007ACC23 /* GamesInfoUITests.swift */; };
		88A04D172B7DFF63007ACC23 /* GamesInfoUITestsLaunchTests.swift in Sources */ = {isa = PBXBuildFile; fileRef = 88A04D162B7DFF63007ACC23 /* GamesInfoUITestsLaunchTests.swift */; };
		88A04D2C2B7E0A8B007ACC23 /* NetworkProtocol.swift in Sources */ = {isa = PBXBuildFile; fileRef = 88A04D2B2B7E0A8B007ACC23 /* NetworkProtocol.swift */; };
		88A04D2E2B7E0AB0007ACC23 /* Coordinator.swift in Sources */ = {isa = PBXBuildFile; fileRef = 88A04D2D2B7E0AB0007ACC23 /* Coordinator.swift */; };
		88A04D302B7E0AE3007ACC23 /* AppLogger.swift in Sources */ = {isa = PBXBuildFile; fileRef = 88A04D2F2B7E0AE3007ACC23 /* AppLogger.swift */; };
		88A04D332B7E0B55007ACC23 /* OnboardingCoordinator.swift in Sources */ = {isa = PBXBuildFile; fileRef = 88A04D322B7E0B55007ACC23 /* OnboardingCoordinator.swift */; };
		88A04D352B7E0B79007ACC23 /* MainCoordinator.swift in Sources */ = {isa = PBXBuildFile; fileRef = 88A04D342B7E0B79007ACC23 /* MainCoordinator.swift */; };
		88A04D382B7E0BBA007ACC23 /* BaseViewController.swift in Sources */ = {isa = PBXBuildFile; fileRef = 88A04D372B7E0BBA007ACC23 /* BaseViewController.swift */; };
		88A04D3C2B7E0C0D007ACC23 /* ViewModelProtocol.swift in Sources */ = {isa = PBXBuildFile; fileRef = 88A04D3B2B7E0C0D007ACC23 /* ViewModelProtocol.swift */; };
		88A04D402B7E1731007ACC23 /* Environment.swift in Sources */ = {isa = PBXBuildFile; fileRef = 88A04D3F2B7E1731007ACC23 /* Environment.swift */; };
		88A04D542B7E2182007ACC23 /* OnboardingViewController.swift in Sources */ = {isa = PBXBuildFile; fileRef = 88A04D532B7E2182007ACC23 /* OnboardingViewController.swift */; };
		88A04D562B7E259C007ACC23 /* MainViewController.swift in Sources */ = {isa = PBXBuildFile; fileRef = 88A04D552B7E259C007ACC23 /* MainViewController.swift */; };
		88A04D5C2B7E271C007ACC23 /* SettingsViewController.swift in Sources */ = {isa = PBXBuildFile; fileRef = 88A04D5B2B7E271C007ACC23 /* SettingsViewController.swift */; };
		88A04D5E2B7E3A15007ACC23 /* AppCoordinator.swift in Sources */ = {isa = PBXBuildFile; fileRef = 88A04D5D2B7E3A15007ACC23 /* AppCoordinator.swift */; };
		88A04D602B7E475B007ACC23 /* Colors.swift in Sources */ = {isa = PBXBuildFile; fileRef = 88A04D5F2B7E475B007ACC23 /* Colors.swift */; };
		88A04D622B7E495D007ACC23 /* HomeCoordinator.swift in Sources */ = {isa = PBXBuildFile; fileRef = 88A04D612B7E495D007ACC23 /* HomeCoordinator.swift */; };
		88A04D642B7E496C007ACC23 /* SettingsCoordinator.swift in Sources */ = {isa = PBXBuildFile; fileRef = 88A04D632B7E496C007ACC23 /* SettingsCoordinator.swift */; };
		88A04D682B7E6741007ACC23 /* SecretConfig-example.plist in Resources */ = {isa = PBXBuildFile; fileRef = 88A04D672B7E6741007ACC23 /* SecretConfig-example.plist */; };
		88A4AF462B80B26B003F6C39 /* GenresModel.swift in Sources */ = {isa = PBXBuildFile; fileRef = 88A4AF452B80B26B003F6C39 /* GenresModel.swift */; };
		88A6F0182B8261B60069516F /* Localizable.xcstrings in Resources */ = {isa = PBXBuildFile; fileRef = 88A6F0172B8261B60069516F /* Localizable.xcstrings */; };
		88A6F01A2B8265430069516F /* CoreDataService.swift in Sources */ = {isa = PBXBuildFile; fileRef = 88A6F0192B8265430069516F /* CoreDataService.swift */; };
		88A6F0342B826E3B0069516F /* CoreDataModel.xcdatamodeld in Sources */ = {isa = PBXBuildFile; fileRef = 88A6F0322B826E3B0069516F /* CoreDataModel.xcdatamodeld */; };
		88A6F0372B826E830069516F /* GenreEntity+CoreDataClass.swift in Sources */ = {isa = PBXBuildFile; fileRef = 88A6F0352B826E830069516F /* GenreEntity+CoreDataClass.swift */; };
		88A6F0382B826E830069516F /* GenreEntity+CoreDataProperties.swift in Sources */ = {isa = PBXBuildFile; fileRef = 88A6F0362B826E830069516F /* GenreEntity+CoreDataProperties.swift */; };
		88A6F03A2B82767F0069516F /* MainViewModel.swift in Sources */ = {isa = PBXBuildFile; fileRef = 88A6F0392B82767F0069516F /* MainViewModel.swift */; };
		88A6F03C2B827AE80069516F /* GamesModel.swift in Sources */ = {isa = PBXBuildFile; fileRef = 88A6F03B2B827AE80069516F /* GamesModel.swift */; };
		88C104B02B84CDC300FE0234 /* UiImage+resize.swift in Sources */ = {isa = PBXBuildFile; fileRef = 88C104AF2B84CDC300FE0234 /* UiImage+resize.swift */; };
		88C104B22B84D2A500FE0234 /* UserDefaultsService.swift in Sources */ = {isa = PBXBuildFile; fileRef = 88C104B12B84D2A500FE0234 /* UserDefaultsService.swift */; };
		88C104B52B84DCBC00FE0234 /* GameInfoViewController.swift in Sources */ = {isa = PBXBuildFile; fileRef = 88C104B42B84DCBC00FE0234 /* GameInfoViewController.swift */; };
		88C104B82B8514AD00FE0234 /* LoadingCollectionViewCell.swift in Sources */ = {isa = PBXBuildFile; fileRef = 88C104B72B8514AD00FE0234 /* LoadingCollectionViewCell.swift */; };
		88C104BA2B8514CF00FE0234 /* GameCollectionViewCell.swift in Sources */ = {isa = PBXBuildFile; fileRef = 88C104B92B8514CF00FE0234 /* GameCollectionViewCell.swift */; };
		88C104BC2B85150A00FE0234 /* Images.swift in Sources */ = {isa = PBXBuildFile; fileRef = 88C104BB2B85150A00FE0234 /* Images.swift */; };
		88C104BE2B851BC300FE0234 /* GameInfoViewModel.swift in Sources */ = {isa = PBXBuildFile; fileRef = 88C104BD2B851BC300FE0234 /* GameInfoViewModel.swift */; };
		88C104C02B8527F000FE0234 /* SettingsViewModel.swift in Sources */ = {isa = PBXBuildFile; fileRef = 88C104BF2B8527F000FE0234 /* SettingsViewModel.swift */; };
		88C104C22B852BB500FE0234 /* GenresViewController.swift in Sources */ = {isa = PBXBuildFile; fileRef = 88C104C12B852BB500FE0234 /* GenresViewController.swift */; };
		88E21D8D2B861A9400D8BD84 /* MockURLProtocol.swift in Sources */ = {isa = PBXBuildFile; fileRef = 88E21D8C2B861A9400D8BD84 /* MockURLProtocol.swift */; };
		88E21D8F2B861D2D00D8BD84 /* NetowrkTests.swift in Sources */ = {isa = PBXBuildFile; fileRef = 88E21D8E2B861D2D00D8BD84 /* NetowrkTests.swift */; };
		88E21D912B86247800D8BD84 /* GoogleService-Info.plist in Resources */ = {isa = PBXBuildFile; fileRef = 88E21D902B86247800D8BD84 /* GoogleService-Info.plist */; };
		88E21D942B86257F00D8BD84 /* FirebaseAnalytics in Frameworks */ = {isa = PBXBuildFile; productRef = 88E21D932B86257F00D8BD84 /* FirebaseAnalytics */; };
		88E21D962B86257F00D8BD84 /* FirebaseCrashlytics in Frameworks */ = {isa = PBXBuildFile; productRef = 88E21D952B86257F00D8BD84 /* FirebaseCrashlytics */; };
		88E21D972B86269700D8BD84 /* GoogleService-Info.plist in Resources */ = {isa = PBXBuildFile; fileRef = 88E21D902B86247800D8BD84 /* GoogleService-Info.plist */; };
		88FE6E382B7F6B6600252BA3 /* EndPoint.swift in Sources */ = {isa = PBXBuildFile; fileRef = 88FE6E372B7F6B6600252BA3 /* EndPoint.swift */; };
		88FE6E3A2B7F6C9900252BA3 /* SecretConfig.swift in Sources */ = {isa = PBXBuildFile; fileRef = 88FE6E392B7F6C9900252BA3 /* SecretConfig.swift */; };
		88FE6E3D2B7F906900252BA3 /* OnboardingCollectionViewCell.swift in Sources */ = {isa = PBXBuildFile; fileRef = 88FE6E3C2B7F906900252BA3 /* OnboardingCollectionViewCell.swift */; };
		88FE6E412B7FA0B000252BA3 /* GenreCollectionViewCell.swift in Sources */ = {isa = PBXBuildFile; fileRef = 88FE6E402B7FA0B000252BA3 /* GenreCollectionViewCell.swift */; };
		88FE6E432B7FA9D000252BA3 /* Constants.swift in Sources */ = {isa = PBXBuildFile; fileRef = 88FE6E422B7FA9D000252BA3 /* Constants.swift */; };
		88FE6E452B7FBCCA00252BA3 /* Strings.swift in Sources */ = {isa = PBXBuildFile; fileRef = 88FE6E442B7FBCCA00252BA3 /* Strings.swift */; };
		88FE6E482B7FBE9100252BA3 /* GenreCellLayout.swift in Sources */ = {isa = PBXBuildFile; fileRef = 88FE6E472B7FBE9100252BA3 /* GenreCellLayout.swift */; };
		88FE6E4A2B7FBEFD00252BA3 /* OnboardingViewModel.swift in Sources */ = {isa = PBXBuildFile; fileRef = 88FE6E492B7FBEFD00252BA3 /* OnboardingViewModel.swift */; };
/* End PBXBuildFile section */

/* Begin PBXContainerItemProxy section */
		88A04D072B7DFF63007ACC23 /* PBXContainerItemProxy */ = {
			isa = PBXContainerItemProxy;
			containerPortal = 88A04CE52B7DFF61007ACC23 /* Project object */;
			proxyType = 1;
			remoteGlobalIDString = 88A04CEC2B7DFF62007ACC23;
			remoteInfo = GamesInfo;
		};
		88A04D112B7DFF63007ACC23 /* PBXContainerItemProxy */ = {
			isa = PBXContainerItemProxy;
			containerPortal = 88A04CE52B7DFF61007ACC23 /* Project object */;
			proxyType = 1;
			remoteGlobalIDString = 88A04CEC2B7DFF62007ACC23;
			remoteInfo = GamesInfo;
		};
/* End PBXContainerItemProxy section */

/* Begin PBXFileReference section */
		881450C22B7E751700E4DB1C /* SecretConfig.plist */ = {isa = PBXFileReference; fileEncoding = 4; lastKnownFileType = text.plist.xml; path = SecretConfig.plist; sourceTree = "<group>"; };
		881450C42B7E75C800E4DB1C /* NetworkService.swift */ = {isa = PBXFileReference; lastKnownFileType = sourcecode.swift; path = NetworkService.swift; sourceTree = "<group>"; };
		88A04CED2B7DFF62007ACC23 /* GamesInfo.app */ = {isa = PBXFileReference; explicitFileType = wrapper.application; includeInIndex = 0; path = GamesInfo.app; sourceTree = BUILT_PRODUCTS_DIR; };
		88A04CF02B7DFF62007ACC23 /* AppDelegate.swift */ = {isa = PBXFileReference; lastKnownFileType = sourcecode.swift; path = AppDelegate.swift; sourceTree = "<group>"; };
		88A04CF22B7DFF62007ACC23 /* SceneDelegate.swift */ = {isa = PBXFileReference; lastKnownFileType = sourcecode.swift; path = SceneDelegate.swift; sourceTree = "<group>"; };
		88A04CFA2B7DFF62007ACC23 /* GamesInfo.xcdatamodel */ = {isa = PBXFileReference; lastKnownFileType = wrapper.xcdatamodel; path = GamesInfo.xcdatamodel; sourceTree = "<group>"; };
		88A04CFC2B7DFF63007ACC23 /* Assets.xcassets */ = {isa = PBXFileReference; lastKnownFileType = folder.assetcatalog; path = Assets.xcassets; sourceTree = "<group>"; };
		88A04CFF2B7DFF63007ACC23 /* Base */ = {isa = PBXFileReference; lastKnownFileType = file.storyboard; name = Base; path = Base.lproj/LaunchScreen.storyboard; sourceTree = "<group>"; };
		88A04D012B7DFF63007ACC23 /* Info.plist */ = {isa = PBXFileReference; lastKnownFileType = text.plist.xml; path = Info.plist; sourceTree = "<group>"; };
		88A04D062B7DFF63007ACC23 /* GamesInfoTests.xctest */ = {isa = PBXFileReference; explicitFileType = wrapper.cfbundle; includeInIndex = 0; path = GamesInfoTests.xctest; sourceTree = BUILT_PRODUCTS_DIR; };
		88A04D0A2B7DFF63007ACC23 /* GamesInfoTests.swift */ = {isa = PBXFileReference; lastKnownFileType = sourcecode.swift; path = GamesInfoTests.swift; sourceTree = "<group>"; };
		88A04D102B7DFF63007ACC23 /* GamesInfoUITests.xctest */ = {isa = PBXFileReference; explicitFileType = wrapper.cfbundle; includeInIndex = 0; path = GamesInfoUITests.xctest; sourceTree = BUILT_PRODUCTS_DIR; };
		88A04D142B7DFF63007ACC23 /* GamesInfoUITests.swift */ = {isa = PBXFileReference; lastKnownFileType = sourcecode.swift; path = GamesInfoUITests.swift; sourceTree = "<group>"; };
		88A04D162B7DFF63007ACC23 /* GamesInfoUITestsLaunchTests.swift */ = {isa = PBXFileReference; lastKnownFileType = sourcecode.swift; path = GamesInfoUITestsLaunchTests.swift; sourceTree = "<group>"; };
		88A04D2B2B7E0A8B007ACC23 /* NetworkProtocol.swift */ = {isa = PBXFileReference; lastKnownFileType = sourcecode.swift; path = NetworkProtocol.swift; sourceTree = "<group>"; };
		88A04D2D2B7E0AB0007ACC23 /* Coordinator.swift */ = {isa = PBXFileReference; lastKnownFileType = sourcecode.swift; path = Coordinator.swift; sourceTree = "<group>"; };
		88A04D2F2B7E0AE3007ACC23 /* AppLogger.swift */ = {isa = PBXFileReference; lastKnownFileType = sourcecode.swift; path = AppLogger.swift; sourceTree = "<group>"; };
		88A04D322B7E0B55007ACC23 /* OnboardingCoordinator.swift */ = {isa = PBXFileReference; lastKnownFileType = sourcecode.swift; path = OnboardingCoordinator.swift; sourceTree = "<group>"; };
		88A04D342B7E0B79007ACC23 /* MainCoordinator.swift */ = {isa = PBXFileReference; lastKnownFileType = sourcecode.swift; path = MainCoordinator.swift; sourceTree = "<group>"; };
		88A04D372B7E0BBA007ACC23 /* BaseViewController.swift */ = {isa = PBXFileReference; lastKnownFileType = sourcecode.swift; path = BaseViewController.swift; sourceTree = "<group>"; };
		88A04D3B2B7E0C0D007ACC23 /* ViewModelProtocol.swift */ = {isa = PBXFileReference; lastKnownFileType = sourcecode.swift; path = ViewModelProtocol.swift; sourceTree = "<group>"; };
		88A04D3F2B7E1731007ACC23 /* Environment.swift */ = {isa = PBXFileReference; lastKnownFileType = sourcecode.swift; path = Environment.swift; sourceTree = "<group>"; };
		88A04D4E2B7E1A7D007ACC23 /* Dev.xcconfig */ = {isa = PBXFileReference; lastKnownFileType = text.xcconfig; path = Dev.xcconfig; sourceTree = "<group>"; };
		88A04D4F2B7E1ACD007ACC23 /* STAGE.xcconfig */ = {isa = PBXFileReference; lastKnownFileType = text.xcconfig; path = STAGE.xcconfig; sourceTree = "<group>"; };
		88A04D502B7E1AE7007ACC23 /* PROD.xcconfig */ = {isa = PBXFileReference; lastKnownFileType = text.xcconfig; path = PROD.xcconfig; sourceTree = "<group>"; };
		88A04D512B7E1F2C007ACC23 /* Debug.xcconfig */ = {isa = PBXFileReference; lastKnownFileType = text.xcconfig; path = Debug.xcconfig; sourceTree = "<group>"; };
		88A04D522B7E1F3A007ACC23 /* Release.xcconfig */ = {isa = PBXFileReference; lastKnownFileType = text.xcconfig; path = Release.xcconfig; sourceTree = "<group>"; };
		88A04D532B7E2182007ACC23 /* OnboardingViewController.swift */ = {isa = PBXFileReference; lastKnownFileType = sourcecode.swift; path = OnboardingViewController.swift; sourceTree = "<group>"; };
		88A04D552B7E259C007ACC23 /* MainViewController.swift */ = {isa = PBXFileReference; lastKnownFileType = sourcecode.swift; path = MainViewController.swift; sourceTree = "<group>"; };
		88A04D5B2B7E271C007ACC23 /* SettingsViewController.swift */ = {isa = PBXFileReference; lastKnownFileType = sourcecode.swift; path = SettingsViewController.swift; sourceTree = "<group>"; };
		88A04D5D2B7E3A15007ACC23 /* AppCoordinator.swift */ = {isa = PBXFileReference; lastKnownFileType = sourcecode.swift; path = AppCoordinator.swift; sourceTree = "<group>"; };
		88A04D5F2B7E475B007ACC23 /* Colors.swift */ = {isa = PBXFileReference; lastKnownFileType = sourcecode.swift; path = Colors.swift; sourceTree = "<group>"; };
		88A04D612B7E495D007ACC23 /* HomeCoordinator.swift */ = {isa = PBXFileReference; lastKnownFileType = sourcecode.swift; path = HomeCoordinator.swift; sourceTree = "<group>"; };
		88A04D632B7E496C007ACC23 /* SettingsCoordinator.swift */ = {isa = PBXFileReference; lastKnownFileType = sourcecode.swift; path = SettingsCoordinator.swift; sourceTree = "<group>"; };
		88A04D672B7E6741007ACC23 /* SecretConfig-example.plist */ = {isa = PBXFileReference; lastKnownFileType = text.plist.xml; path = "SecretConfig-example.plist"; sourceTree = "<group>"; };
		88A4AF452B80B26B003F6C39 /* GenresModel.swift */ = {isa = PBXFileReference; lastKnownFileType = sourcecode.swift; path = GenresModel.swift; sourceTree = "<group>"; };
		88A6F0172B8261B60069516F /* Localizable.xcstrings */ = {isa = PBXFileReference; lastKnownFileType = text.json.xcstrings; path = Localizable.xcstrings; sourceTree = "<group>"; };
		88A6F0192B8265430069516F /* CoreDataService.swift */ = {isa = PBXFileReference; lastKnownFileType = sourcecode.swift; path = CoreDataService.swift; sourceTree = "<group>"; };
		88A6F0332B826E3B0069516F /* CoreDataModel.xcdatamodel */ = {isa = PBXFileReference; lastKnownFileType = wrapper.xcdatamodel; path = CoreDataModel.xcdatamodel; sourceTree = "<group>"; };
		88A6F0352B826E830069516F /* GenreEntity+CoreDataClass.swift */ = {isa = PBXFileReference; lastKnownFileType = sourcecode.swift; path = "GenreEntity+CoreDataClass.swift"; sourceTree = SOURCE_ROOT; };
		88A6F0362B826E830069516F /* GenreEntity+CoreDataProperties.swift */ = {isa = PBXFileReference; lastKnownFileType = sourcecode.swift; path = "GenreEntity+CoreDataProperties.swift"; sourceTree = SOURCE_ROOT; };
		88A6F0392B82767F0069516F /* MainViewModel.swift */ = {isa = PBXFileReference; lastKnownFileType = sourcecode.swift; path = MainViewModel.swift; sourceTree = "<group>"; };
		88A6F03B2B827AE80069516F /* GamesModel.swift */ = {isa = PBXFileReference; lastKnownFileType = sourcecode.swift; path = GamesModel.swift; sourceTree = "<group>"; };
		88C104AF2B84CDC300FE0234 /* UiImage+resize.swift */ = {isa = PBXFileReference; lastKnownFileType = sourcecode.swift; path = "UiImage+resize.swift"; sourceTree = "<group>"; };
		88C104B12B84D2A500FE0234 /* UserDefaultsService.swift */ = {isa = PBXFileReference; lastKnownFileType = sourcecode.swift; path = UserDefaultsService.swift; sourceTree = "<group>"; };
		88C104B42B84DCBC00FE0234 /* GameInfoViewController.swift */ = {isa = PBXFileReference; lastKnownFileType = sourcecode.swift; path = GameInfoViewController.swift; sourceTree = "<group>"; };
		88C104B72B8514AD00FE0234 /* LoadingCollectionViewCell.swift */ = {isa = PBXFileReference; lastKnownFileType = sourcecode.swift; path = LoadingCollectionViewCell.swift; sourceTree = "<group>"; };
		88C104B92B8514CF00FE0234 /* GameCollectionViewCell.swift */ = {isa = PBXFileReference; lastKnownFileType = sourcecode.swift; path = GameCollectionViewCell.swift; sourceTree = "<group>"; };
		88C104BB2B85150A00FE0234 /* Images.swift */ = {isa = PBXFileReference; lastKnownFileType = sourcecode.swift; path = Images.swift; sourceTree = "<group>"; };
		88C104BD2B851BC300FE0234 /* GameInfoViewModel.swift */ = {isa = PBXFileReference; lastKnownFileType = sourcecode.swift; path = GameInfoViewModel.swift; sourceTree = "<group>"; };
		88C104BF2B8527F000FE0234 /* SettingsViewModel.swift */ = {isa = PBXFileReference; lastKnownFileType = sourcecode.swift; path = SettingsViewModel.swift; sourceTree = "<group>"; };
		88C104C12B852BB500FE0234 /* GenresViewController.swift */ = {isa = PBXFileReference; lastKnownFileType = sourcecode.swift; path = GenresViewController.swift; sourceTree = "<group>"; };
		88E21D8C2B861A9400D8BD84 /* MockURLProtocol.swift */ = {isa = PBXFileReference; lastKnownFileType = sourcecode.swift; path = MockURLProtocol.swift; sourceTree = "<group>"; };
		88E21D8E2B861D2D00D8BD84 /* NetowrkTests.swift */ = {isa = PBXFileReference; lastKnownFileType = sourcecode.swift; path = NetowrkTests.swift; sourceTree = "<group>"; };
		88E21D902B86247800D8BD84 /* GoogleService-Info.plist */ = {isa = PBXFileReference; fileEncoding = 4; lastKnownFileType = text.plist.xml; path = "GoogleService-Info.plist"; sourceTree = "<group>"; };
		88FE6E372B7F6B6600252BA3 /* EndPoint.swift */ = {isa = PBXFileReference; lastKnownFileType = sourcecode.swift; path = EndPoint.swift; sourceTree = "<group>"; };
		88FE6E392B7F6C9900252BA3 /* SecretConfig.swift */ = {isa = PBXFileReference; lastKnownFileType = sourcecode.swift; path = SecretConfig.swift; sourceTree = "<group>"; };
		88FE6E3C2B7F906900252BA3 /* OnboardingCollectionViewCell.swift */ = {isa = PBXFileReference; lastKnownFileType = sourcecode.swift; path = OnboardingCollectionViewCell.swift; sourceTree = "<group>"; };
		88FE6E402B7FA0B000252BA3 /* GenreCollectionViewCell.swift */ = {isa = PBXFileReference; lastKnownFileType = sourcecode.swift; path = GenreCollectionViewCell.swift; sourceTree = "<group>"; };
		88FE6E422B7FA9D000252BA3 /* Constants.swift */ = {isa = PBXFileReference; lastKnownFileType = sourcecode.swift; path = Constants.swift; sourceTree = "<group>"; };
		88FE6E442B7FBCCA00252BA3 /* Strings.swift */ = {isa = PBXFileReference; lastKnownFileType = sourcecode.swift; path = Strings.swift; sourceTree = "<group>"; };
		88FE6E472B7FBE9100252BA3 /* GenreCellLayout.swift */ = {isa = PBXFileReference; lastKnownFileType = sourcecode.swift; path = GenreCellLayout.swift; sourceTree = "<group>"; };
		88FE6E492B7FBEFD00252BA3 /* OnboardingViewModel.swift */ = {isa = PBXFileReference; lastKnownFileType = sourcecode.swift; path = OnboardingViewModel.swift; sourceTree = "<group>"; };
/* End PBXFileReference section */

/* Begin PBXFrameworksBuildPhase section */
		88A04CEA2B7DFF62007ACC23 /* Frameworks */ = {
			isa = PBXFrameworksBuildPhase;
			buildActionMask = 2147483647;
			files = (
				88E21D942B86257F00D8BD84 /* FirebaseAnalytics in Frameworks */,
				88E21D962B86257F00D8BD84 /* FirebaseCrashlytics in Frameworks */,
			);
			runOnlyForDeploymentPostprocessing = 0;
		};
		88A04D032B7DFF63007ACC23 /* Frameworks */ = {
			isa = PBXFrameworksBuildPhase;
			buildActionMask = 2147483647;
			files = (
			);
			runOnlyForDeploymentPostprocessing = 0;
		};
		88A04D0D2B7DFF63007ACC23 /* Frameworks */ = {
			isa = PBXFrameworksBuildPhase;
			buildActionMask = 2147483647;
			files = (
			);
			runOnlyForDeploymentPostprocessing = 0;
		};
/* End PBXFrameworksBuildPhase section */

/* Begin PBXGroup section */
		88A04CE42B7DFF61007ACC23 = {
			isa = PBXGroup;
			children = (
				88E21D902B86247800D8BD84 /* GoogleService-Info.plist */,
				88A04CEF2B7DFF62007ACC23 /* GamesInfo */,
				88A04D092B7DFF63007ACC23 /* GamesInfoTests */,
				88A04D132B7DFF63007ACC23 /* GamesInfoUITests */,
				88A04CEE2B7DFF62007ACC23 /* Products */,
			);
			sourceTree = "<group>";
		};
		88A04CEE2B7DFF62007ACC23 /* Products */ = {
			isa = PBXGroup;
			children = (
				88A04CED2B7DFF62007ACC23 /* GamesInfo.app */,
				88A04D062B7DFF63007ACC23 /* GamesInfoTests.xctest */,
				88A04D102B7DFF63007ACC23 /* GamesInfoUITests.xctest */,
			);
			name = Products;
			sourceTree = "<group>";
		};
		88A04CEF2B7DFF62007ACC23 /* GamesInfo */ = {
			isa = PBXGroup;
			children = (
				88A6F0162B8261760069516F /* Localization */,
				88A04D4D2B7E1A5B007ACC23 /* Configuration */,
				88A04D3E2B7E171F007ACC23 /* Environment */,
				88A04D3D2B7E0CA0007ACC23 /* Persistance */,
				88A04D312B7E0B1F007ACC23 /* Analytics */,
				88A04D2A2B7E0A6E007ACC23 /* Network */,
				88A04D272B7E0A3E007ACC23 /* Utils */,
				88A04D262B7E0A30007ACC23 /* Coordinator */,
				88A04D252B7E0A24007ACC23 /* View */,
				88A04D242B7E0A1D007ACC23 /* Model */,
				88A04CF02B7DFF62007ACC23 /* AppDelegate.swift */,
				88A04CF22B7DFF62007ACC23 /* SceneDelegate.swift */,
				88A04CFC2B7DFF63007ACC23 /* Assets.xcassets */,
				88A04CFE2B7DFF63007ACC23 /* LaunchScreen.storyboard */,
				88A04D012B7DFF63007ACC23 /* Info.plist */,
				88A04CF92B7DFF62007ACC23 /* GamesInfo.xcdatamodeld */,
			);
			path = GamesInfo;
			sourceTree = "<group>";
		};
		88A04D092B7DFF63007ACC23 /* GamesInfoTests */ = {
			isa = PBXGroup;
			children = (
				88A04D0A2B7DFF63007ACC23 /* GamesInfoTests.swift */,
				88E21D8A2B861A6C00D8BD84 /* NetworkTests */,
			);
			path = GamesInfoTests;
			sourceTree = "<group>";
		};
		88A04D132B7DFF63007ACC23 /* GamesInfoUITests */ = {
			isa = PBXGroup;
			children = (
				88A04D142B7DFF63007ACC23 /* GamesInfoUITests.swift */,
				88A04D162B7DFF63007ACC23 /* GamesInfoUITestsLaunchTests.swift */,
			);
			path = GamesInfoUITests;
			sourceTree = "<group>";
		};
		88A04D242B7E0A1D007ACC23 /* Model */ = {
			isa = PBXGroup;
			children = (
				88A6F01B2B82668C0069516F /* CoreDataModel */,
				88FE6E392B7F6C9900252BA3 /* SecretConfig.swift */,
				88A4AF452B80B26B003F6C39 /* GenresModel.swift */,
				88A6F03B2B827AE80069516F /* GamesModel.swift */,
			);
			path = Model;
			sourceTree = "<group>";
		};
		88A04D252B7E0A24007ACC23 /* View */ = {
			isa = PBXGroup;
			children = (
				88A04D5A2B7E2704007ACC23 /* Settings */,
				88A04D362B7E0BA4007ACC23 /* Shared */,
				88A04D292B7E0A61007ACC23 /* Main */,
				88A04D282B7E0A58007ACC23 /* Onboarding */,
			);
			path = View;
			sourceTree = "<group>";
		};
		88A04D262B7E0A30007ACC23 /* Coordinator */ = {
			isa = PBXGroup;
			children = (
				88A04D2D2B7E0AB0007ACC23 /* Coordinator.swift */,
				88A04D5D2B7E3A15007ACC23 /* AppCoordinator.swift */,
				88A04D322B7E0B55007ACC23 /* OnboardingCoordinator.swift */,
				88A04D342B7E0B79007ACC23 /* MainCoordinator.swift */,
				88A04D612B7E495D007ACC23 /* HomeCoordinator.swift */,
				88A04D632B7E496C007ACC23 /* SettingsCoordinator.swift */,
			);
			path = Coordinator;
			sourceTree = "<group>";
		};
		88A04D272B7E0A3E007ACC23 /* Utils */ = {
			isa = PBXGroup;
			children = (
				88A04D2F2B7E0AE3007ACC23 /* AppLogger.swift */,
				88A04D5F2B7E475B007ACC23 /* Colors.swift */,
				88FE6E422B7FA9D000252BA3 /* Constants.swift */,
				88FE6E442B7FBCCA00252BA3 /* Strings.swift */,
				88C104BB2B85150A00FE0234 /* Images.swift */,
				88C104AE2B84CD9F00FE0234 /* Extensions */,
			);
			path = Utils;
			sourceTree = "<group>";
		};
		88A04D282B7E0A58007ACC23 /* Onboarding */ = {
			isa = PBXGroup;
			children = (
				88A04D532B7E2182007ACC23 /* OnboardingViewController.swift */,
				88FE6E492B7FBEFD00252BA3 /* OnboardingViewModel.swift */,
				88FE6E3B2B7F904C00252BA3 /* Cells */,
			);
			path = Onboarding;
			sourceTree = "<group>";
		};
		88A04D292B7E0A61007ACC23 /* Main */ = {
			isa = PBXGroup;
			children = (
				88A04D552B7E259C007ACC23 /* MainViewController.swift */,
				88A6F0392B82767F0069516F /* MainViewModel.swift */,
				88C104B62B85149200FE0234 /* Cells */,
				88C104B32B84DCA200FE0234 /* GameInfo */,
			);
			path = Main;
			sourceTree = "<group>";
		};
		88A04D2A2B7E0A6E007ACC23 /* Network */ = {
			isa = PBXGroup;
			children = (
				88A04D2B2B7E0A8B007ACC23 /* NetworkProtocol.swift */,
				881450C42B7E75C800E4DB1C /* NetworkService.swift */,
				88FE6E372B7F6B6600252BA3 /* EndPoint.swift */,
			);
			path = Network;
			sourceTree = "<group>";
		};
		88A04D312B7E0B1F007ACC23 /* Analytics */ = {
			isa = PBXGroup;
			children = (
			);
			path = Analytics;
			sourceTree = "<group>";
		};
		88A04D362B7E0BA4007ACC23 /* Shared */ = {
			isa = PBXGroup;
			children = (
				88A04D372B7E0BBA007ACC23 /* BaseViewController.swift */,
				88A04D3B2B7E0C0D007ACC23 /* ViewModelProtocol.swift */,
			);
			path = Shared;
			sourceTree = "<group>";
		};
		88A04D3D2B7E0CA0007ACC23 /* Persistance */ = {
			isa = PBXGroup;
			children = (
				88A6F0192B8265430069516F /* CoreDataService.swift */,
				88C104B12B84D2A500FE0234 /* UserDefaultsService.swift */,
			);
			path = Persistance;
			sourceTree = "<group>";
		};
		88A04D3E2B7E171F007ACC23 /* Environment */ = {
			isa = PBXGroup;
			children = (
				88A04D3F2B7E1731007ACC23 /* Environment.swift */,
			);
			path = Environment;
			sourceTree = "<group>";
		};
		88A04D4D2B7E1A5B007ACC23 /* Configuration */ = {
			isa = PBXGroup;
			children = (
				88A04D4E2B7E1A7D007ACC23 /* Dev.xcconfig */,
				88A04D4F2B7E1ACD007ACC23 /* STAGE.xcconfig */,
				88A04D502B7E1AE7007ACC23 /* PROD.xcconfig */,
				88A04D512B7E1F2C007ACC23 /* Debug.xcconfig */,
				88A04D522B7E1F3A007ACC23 /* Release.xcconfig */,
				88A04D672B7E6741007ACC23 /* SecretConfig-example.plist */,
				881450C22B7E751700E4DB1C /* SecretConfig.plist */,
			);
			path = Configuration;
			sourceTree = "<group>";
		};
		88A04D5A2B7E2704007ACC23 /* Settings */ = {
			isa = PBXGroup;
			children = (
				88A04D5B2B7E271C007ACC23 /* SettingsViewController.swift */,
				88C104C12B852BB500FE0234 /* GenresViewController.swift */,
				88C104BF2B8527F000FE0234 /* SettingsViewModel.swift */,
			);
			path = Settings;
			sourceTree = "<group>";
		};
		88A6F0162B8261760069516F /* Localization */ = {
			isa = PBXGroup;
			children = (
				88A6F0172B8261B60069516F /* Localizable.xcstrings */,
			);
			path = Localization;
			sourceTree = "<group>";
		};
		88A6F01B2B82668C0069516F /* CoreDataModel */ = {
			isa = PBXGroup;
			children = (
				88A6F0352B826E830069516F /* GenreEntity+CoreDataClass.swift */,
				88A6F0362B826E830069516F /* GenreEntity+CoreDataProperties.swift */,
				88A6F0322B826E3B0069516F /* CoreDataModel.xcdatamodeld */,
			);
			path = CoreDataModel;
			sourceTree = "<group>";
		};
		88C104AE2B84CD9F00FE0234 /* Extensions */ = {
			isa = PBXGroup;
			children = (
				88C104AF2B84CDC300FE0234 /* UiImage+resize.swift */,
			);
			path = Extensions;
			sourceTree = "<group>";
		};
		88C104B32B84DCA200FE0234 /* GameInfo */ = {
			isa = PBXGroup;
			children = (
				88C104B42B84DCBC00FE0234 /* GameInfoViewController.swift */,
				88C104BD2B851BC300FE0234 /* GameInfoViewModel.swift */,
			);
			path = GameInfo;
			sourceTree = "<group>";
		};
		88C104B62B85149200FE0234 /* Cells */ = {
			isa = PBXGroup;
			children = (
				88C104B72B8514AD00FE0234 /* LoadingCollectionViewCell.swift */,
				88C104B92B8514CF00FE0234 /* GameCollectionViewCell.swift */,
			);
			path = Cells;
			sourceTree = "<group>";
		};
		88E21D8A2B861A6C00D8BD84 /* NetworkTests */ = {
			isa = PBXGroup;
			children = (
				88E21D8B2B861A7F00D8BD84 /* Utils */,
				88E21D8E2B861D2D00D8BD84 /* NetowrkTests.swift */,
			);
			path = NetworkTests;
			sourceTree = "<group>";
		};
		88E21D8B2B861A7F00D8BD84 /* Utils */ = {
			isa = PBXGroup;
			children = (
				88E21D8C2B861A9400D8BD84 /* MockURLProtocol.swift */,
			);
			path = Utils;
			sourceTree = "<group>";
		};
		88FE6E3B2B7F904C00252BA3 /* Cells */ = {
			isa = PBXGroup;
			children = (
				88FE6E3C2B7F906900252BA3 /* OnboardingCollectionViewCell.swift */,
				88FE6E402B7FA0B000252BA3 /* GenreCollectionViewCell.swift */,
				88FE6E462B7FBE8200252BA3 /* Layout */,
			);
			path = Cells;
			sourceTree = "<group>";
		};
		88FE6E462B7FBE8200252BA3 /* Layout */ = {
			isa = PBXGroup;
			children = (
				88FE6E472B7FBE9100252BA3 /* GenreCellLayout.swift */,
			);
			path = Layout;
			sourceTree = "<group>";
		};
/* End PBXGroup section */

/* Begin PBXNativeTarget section */
		88A04CEC2B7DFF62007ACC23 /* GamesInfo */ = {
			isa = PBXNativeTarget;
			buildConfigurationList = 88A04D1A2B7DFF63007ACC23 /* Build configuration list for PBXNativeTarget "GamesInfo" */;
			buildPhases = (
				88A04CE92B7DFF62007ACC23 /* Sources */,
				88A04CEA2B7DFF62007ACC23 /* Frameworks */,
				88A04CEB2B7DFF62007ACC23 /* Resources */,
				88A04D232B7E031E007ACC23 /* Lint */,
			);
			buildRules = (
			);
			dependencies = (
			);
			name = GamesInfo;
			packageProductDependencies = (
				88E21D932B86257F00D8BD84 /* FirebaseAnalytics */,
				88E21D952B86257F00D8BD84 /* FirebaseCrashlytics */,
			);
			productName = GamesInfo;
			productReference = 88A04CED2B7DFF62007ACC23 /* GamesInfo.app */;
			productType = "com.apple.product-type.application";
		};
		88A04D052B7DFF63007ACC23 /* GamesInfoTests */ = {
			isa = PBXNativeTarget;
			buildConfigurationList = 88A04D1D2B7DFF63007ACC23 /* Build configuration list for PBXNativeTarget "GamesInfoTests" */;
			buildPhases = (
				88A04D022B7DFF63007ACC23 /* Sources */,
				88A04D032B7DFF63007ACC23 /* Frameworks */,
				88A04D042B7DFF63007ACC23 /* Resources */,
			);
			buildRules = (
			);
			dependencies = (
				88A04D082B7DFF63007ACC23 /* PBXTargetDependency */,
			);
			name = GamesInfoTests;
			productName = GamesInfoTests;
			productReference = 88A04D062B7DFF63007ACC23 /* GamesInfoTests.xctest */;
			productType = "com.apple.product-type.bundle.unit-test";
		};
		88A04D0F2B7DFF63007ACC23 /* GamesInfoUITests */ = {
			isa = PBXNativeTarget;
			buildConfigurationList = 88A04D202B7DFF63007ACC23 /* Build configuration list for PBXNativeTarget "GamesInfoUITests" */;
			buildPhases = (
				88A04D0C2B7DFF63007ACC23 /* Sources */,
				88A04D0D2B7DFF63007ACC23 /* Frameworks */,
				88A04D0E2B7DFF63007ACC23 /* Resources */,
			);
			buildRules = (
			);
			dependencies = (
				88A04D122B7DFF63007ACC23 /* PBXTargetDependency */,
			);
			name = GamesInfoUITests;
			productName = GamesInfoUITests;
			productReference = 88A04D102B7DFF63007ACC23 /* GamesInfoUITests.xctest */;
			productType = "com.apple.product-type.bundle.ui-testing";
		};
/* End PBXNativeTarget section */

/* Begin PBXProject section */
		88A04CE52B7DFF61007ACC23 /* Project object */ = {
			isa = PBXProject;
			attributes = {
				BuildIndependentTargetsInParallel = 1;
				LastSwiftUpdateCheck = 1520;
				LastUpgradeCheck = 1520;
				TargetAttributes = {
					88A04CEC2B7DFF62007ACC23 = {
						CreatedOnToolsVersion = 15.2;
					};
					88A04D052B7DFF63007ACC23 = {
						CreatedOnToolsVersion = 15.2;
						TestTargetID = 88A04CEC2B7DFF62007ACC23;
					};
					88A04D0F2B7DFF63007ACC23 = {
						CreatedOnToolsVersion = 15.2;
						TestTargetID = 88A04CEC2B7DFF62007ACC23;
					};
				};
			};
			buildConfigurationList = 88A04CE82B7DFF61007ACC23 /* Build configuration list for PBXProject "GamesInfo" */;
			compatibilityVersion = "Xcode 14.0";
			developmentRegion = en;
			hasScannedForEncodings = 0;
			knownRegions = (
				en,
				Base,
			);
			mainGroup = 88A04CE42B7DFF61007ACC23;
			packageReferences = (
				88E21D922B86257F00D8BD84 /* XCRemoteSwiftPackageReference "firebase-ios-sdk" */,
			);
			productRefGroup = 88A04CEE2B7DFF62007ACC23 /* Products */;
			projectDirPath = "";
			projectRoot = "";
			targets = (
				88A04CEC2B7DFF62007ACC23 /* GamesInfo */,
				88A04D052B7DFF63007ACC23 /* GamesInfoTests */,
				88A04D0F2B7DFF63007ACC23 /* GamesInfoUITests */,
			);
		};
/* End PBXProject section */

/* Begin PBXResourcesBuildPhase section */
		88A04CEB2B7DFF62007ACC23 /* Resources */ = {
			isa = PBXResourcesBuildPhase;
			buildActionMask = 2147483647;
			files = (
				88E21D972B86269700D8BD84 /* GoogleService-Info.plist in Resources */,
				881450C32B7E751700E4DB1C /* SecretConfig.plist in Resources */,
				88A6F0182B8261B60069516F /* Localizable.xcstrings in Resources */,
				88A04D002B7DFF63007ACC23 /* LaunchScreen.storyboard in Resources */,
				88A04D682B7E6741007ACC23 /* SecretConfig-example.plist in Resources */,
				88A04CFD2B7DFF63007ACC23 /* Assets.xcassets in Resources */,
			);
			runOnlyForDeploymentPostprocessing = 0;
		};
		88A04D042B7DFF63007ACC23 /* Resources */ = {
			isa = PBXResourcesBuildPhase;
			buildActionMask = 2147483647;
			files = (
				88E21D912B86247800D8BD84 /* GoogleService-Info.plist in Resources */,
			);
			runOnlyForDeploymentPostprocessing = 0;
		};
		88A04D0E2B7DFF63007ACC23 /* Resources */ = {
			isa = PBXResourcesBuildPhase;
			buildActionMask = 2147483647;
			files = (
			);
			runOnlyForDeploymentPostprocessing = 0;
		};
/* End PBXResourcesBuildPhase section */

/* Begin PBXShellScriptBuildPhase section */
		88A04D232B7E031E007ACC23 /* Lint */ = {
			isa = PBXShellScriptBuildPhase;
			alwaysOutOfDate = 1;
			buildActionMask = 2147483647;
			files = (
			);
			inputFileListPaths = (
			);
			inputPaths = (
			);
			name = Lint;
			outputFileListPaths = (
			);
			outputPaths = (
			);
			runOnlyForDeploymentPostprocessing = 0;
			shellPath = /bin/sh;
			shellScript = "projectFolder=$SRCROOT\ncd $projectFolder\necho $projectFolder\n\nlintingScript=\"$projectFolder/Linting/lint.sh\"\n\nif test -f $lintingScript; then\n    $lintingScript\nelse \n    echo \"warning: missing linting script\"\nfi\n";
		};
/* End PBXShellScriptBuildPhase section */

/* Begin PBXSourcesBuildPhase section */
		88A04CE92B7DFF62007ACC23 /* Sources */ = {
			isa = PBXSourcesBuildPhase;
			buildActionMask = 2147483647;
			files = (
				88C104BE2B851BC300FE0234 /* GameInfoViewModel.swift in Sources */,
				88FE6E432B7FA9D000252BA3 /* Constants.swift in Sources */,
				88A04D542B7E2182007ACC23 /* OnboardingViewController.swift in Sources */,
				88A04D602B7E475B007ACC23 /* Colors.swift in Sources */,
				88A04D5E2B7E3A15007ACC23 /* AppCoordinator.swift in Sources */,
				88C104B02B84CDC300FE0234 /* UiImage+resize.swift in Sources */,
				88A04D402B7E1731007ACC23 /* Environment.swift in Sources */,
				88A04D642B7E496C007ACC23 /* SettingsCoordinator.swift in Sources */,
				88A04CF12B7DFF62007ACC23 /* AppDelegate.swift in Sources */,
				88A6F0382B826E830069516F /* GenreEntity+CoreDataProperties.swift in Sources */,
				88A6F03C2B827AE80069516F /* GamesModel.swift in Sources */,
				88FE6E3A2B7F6C9900252BA3 /* SecretConfig.swift in Sources */,
				88A04D2E2B7E0AB0007ACC23 /* Coordinator.swift in Sources */,
				88A04D2C2B7E0A8B007ACC23 /* NetworkProtocol.swift in Sources */,
				88C104C02B8527F000FE0234 /* SettingsViewModel.swift in Sources */,
				88A04D5C2B7E271C007ACC23 /* SettingsViewController.swift in Sources */,
				88A6F0372B826E830069516F /* GenreEntity+CoreDataClass.swift in Sources */,
				88C104BA2B8514CF00FE0234 /* GameCollectionViewCell.swift in Sources */,
				88A6F01A2B8265430069516F /* CoreDataService.swift in Sources */,
				88FE6E482B7FBE9100252BA3 /* GenreCellLayout.swift in Sources */,
				881450C52B7E75C800E4DB1C /* NetworkService.swift in Sources */,
				88FE6E3D2B7F906900252BA3 /* OnboardingCollectionViewCell.swift in Sources */,
				88A04CF32B7DFF62007ACC23 /* SceneDelegate.swift in Sources */,
				88FE6E382B7F6B6600252BA3 /* EndPoint.swift in Sources */,
				88A04D562B7E259C007ACC23 /* MainViewController.swift in Sources */,
				88FE6E412B7FA0B000252BA3 /* GenreCollectionViewCell.swift in Sources */,
				88FE6E4A2B7FBEFD00252BA3 /* OnboardingViewModel.swift in Sources */,
				88C104B82B8514AD00FE0234 /* LoadingCollectionViewCell.swift in Sources */,
				88A04D382B7E0BBA007ACC23 /* BaseViewController.swift in Sources */,
				88A04D332B7E0B55007ACC23 /* OnboardingCoordinator.swift in Sources */,
				88A6F03A2B82767F0069516F /* MainViewModel.swift in Sources */,
				88FE6E452B7FBCCA00252BA3 /* Strings.swift in Sources */,
				88C104BC2B85150A00FE0234 /* Images.swift in Sources */,
				88A04D3C2B7E0C0D007ACC23 /* ViewModelProtocol.swift in Sources */,
				88C104B52B84DCBC00FE0234 /* GameInfoViewController.swift in Sources */,
				88C104B22B84D2A500FE0234 /* UserDefaultsService.swift in Sources */,
				88A6F0342B826E3B0069516F /* CoreDataModel.xcdatamodeld in Sources */,
				88A04D302B7E0AE3007ACC23 /* AppLogger.swift in Sources */,
				88A04D352B7E0B79007ACC23 /* MainCoordinator.swift in Sources */,
				88C104C22B852BB500FE0234 /* GenresViewController.swift in Sources */,
				88A04CFB2B7DFF62007ACC23 /* GamesInfo.xcdatamodeld in Sources */,
				88A4AF462B80B26B003F6C39 /* GenresModel.swift in Sources */,
				88A04D622B7E495D007ACC23 /* HomeCoordinator.swift in Sources */,
			);
			runOnlyForDeploymentPostprocessing = 0;
		};
		88A04D022B7DFF63007ACC23 /* Sources */ = {
			isa = PBXSourcesBuildPhase;
			buildActionMask = 2147483647;
			files = (
				88A04D0B2B7DFF63007ACC23 /* GamesInfoTests.swift in Sources */,
				88E21D8F2B861D2D00D8BD84 /* NetowrkTests.swift in Sources */,
				88E21D8D2B861A9400D8BD84 /* MockURLProtocol.swift in Sources */,
			);
			runOnlyForDeploymentPostprocessing = 0;
		};
		88A04D0C2B7DFF63007ACC23 /* Sources */ = {
			isa = PBXSourcesBuildPhase;
			buildActionMask = 2147483647;
			files = (
				88A04D172B7DFF63007ACC23 /* GamesInfoUITestsLaunchTests.swift in Sources */,
				88A04D152B7DFF63007ACC23 /* GamesInfoUITests.swift in Sources */,
			);
			runOnlyForDeploymentPostprocessing = 0;
		};
/* End PBXSourcesBuildPhase section */

/* Begin PBXTargetDependency section */
		88A04D082B7DFF63007ACC23 /* PBXTargetDependency */ = {
			isa = PBXTargetDependency;
			target = 88A04CEC2B7DFF62007ACC23 /* GamesInfo */;
			targetProxy = 88A04D072B7DFF63007ACC23 /* PBXContainerItemProxy */;
		};
		88A04D122B7DFF63007ACC23 /* PBXTargetDependency */ = {
			isa = PBXTargetDependency;
			target = 88A04CEC2B7DFF62007ACC23 /* GamesInfo */;
			targetProxy = 88A04D112B7DFF63007ACC23 /* PBXContainerItemProxy */;
		};
/* End PBXTargetDependency section */

/* Begin PBXVariantGroup section */
		88A04CFE2B7DFF63007ACC23 /* LaunchScreen.storyboard */ = {
			isa = PBXVariantGroup;
			children = (
				88A04CFF2B7DFF63007ACC23 /* Base */,
			);
			name = LaunchScreen.storyboard;
			sourceTree = "<group>";
		};
/* End PBXVariantGroup section */

/* Begin XCBuildConfiguration section */
		88A04D182B7DFF63007ACC23 /* Debug */ = {
			isa = XCBuildConfiguration;
			buildSettings = {
				ALWAYS_SEARCH_USER_PATHS = NO;
				ASSETCATALOG_COMPILER_GENERATE_SWIFT_ASSET_SYMBOL_EXTENSIONS = YES;
				CLANG_ANALYZER_NONNULL = YES;
				CLANG_ANALYZER_NUMBER_OBJECT_CONVERSION = YES_AGGRESSIVE;
				CLANG_CXX_LANGUAGE_STANDARD = "gnu++20";
				CLANG_ENABLE_MODULES = YES;
				CLANG_ENABLE_OBJC_ARC = YES;
				CLANG_ENABLE_OBJC_WEAK = YES;
				CLANG_WARN_BLOCK_CAPTURE_AUTORELEASING = YES;
				CLANG_WARN_BOOL_CONVERSION = YES;
				CLANG_WARN_COMMA = YES;
				CLANG_WARN_CONSTANT_CONVERSION = YES;
				CLANG_WARN_DEPRECATED_OBJC_IMPLEMENTATIONS = YES;
				CLANG_WARN_DIRECT_OBJC_ISA_USAGE = YES_ERROR;
				CLANG_WARN_DOCUMENTATION_COMMENTS = YES;
				CLANG_WARN_EMPTY_BODY = YES;
				CLANG_WARN_ENUM_CONVERSION = YES;
				CLANG_WARN_INFINITE_RECURSION = YES;
				CLANG_WARN_INT_CONVERSION = YES;
				CLANG_WARN_NON_LITERAL_NULL_CONVERSION = YES;
				CLANG_WARN_OBJC_IMPLICIT_RETAIN_SELF = YES;
				CLANG_WARN_OBJC_LITERAL_CONVERSION = YES;
				CLANG_WARN_OBJC_ROOT_CLASS = YES_ERROR;
				CLANG_WARN_QUOTED_INCLUDE_IN_FRAMEWORK_HEADER = YES;
				CLANG_WARN_RANGE_LOOP_ANALYSIS = YES;
				CLANG_WARN_STRICT_PROTOTYPES = YES;
				CLANG_WARN_SUSPICIOUS_MOVE = YES;
				CLANG_WARN_UNGUARDED_AVAILABILITY = YES_AGGRESSIVE;
				CLANG_WARN_UNREACHABLE_CODE = YES;
				CLANG_WARN__DUPLICATE_METHOD_MATCH = YES;
				COPY_PHASE_STRIP = NO;
				DEBUG_INFORMATION_FORMAT = dwarf;
				ENABLE_STRICT_OBJC_MSGSEND = YES;
				ENABLE_TESTABILITY = YES;
				ENABLE_USER_SCRIPT_SANDBOXING = YES;
				GCC_C_LANGUAGE_STANDARD = gnu17;
				GCC_DYNAMIC_NO_PIC = NO;
				GCC_NO_COMMON_BLOCKS = YES;
				GCC_OPTIMIZATION_LEVEL = 0;
				GCC_PREPROCESSOR_DEFINITIONS = (
					"DEBUG=1",
					"$(inherited)",
				);
				GCC_WARN_64_TO_32_BIT_CONVERSION = YES;
				GCC_WARN_ABOUT_RETURN_TYPE = YES_ERROR;
				GCC_WARN_UNDECLARED_SELECTOR = YES;
				GCC_WARN_UNINITIALIZED_AUTOS = YES_AGGRESSIVE;
				GCC_WARN_UNUSED_FUNCTION = YES;
				GCC_WARN_UNUSED_VARIABLE = YES;
				IPHONEOS_DEPLOYMENT_TARGET = 17.2;
				LOCALIZATION_PREFERS_STRING_CATALOGS = YES;
				MTL_ENABLE_DEBUG_INFO = INCLUDE_SOURCE;
				MTL_FAST_MATH = YES;
				ONLY_ACTIVE_ARCH = YES;
				SDKROOT = iphoneos;
				SWIFT_ACTIVE_COMPILATION_CONDITIONS = "DEBUG $(inherited)";
				SWIFT_OPTIMIZATION_LEVEL = "-Onone";
			};
			name = Debug;
		};
		88A04D192B7DFF63007ACC23 /* Release */ = {
			isa = XCBuildConfiguration;
			buildSettings = {
				ALWAYS_SEARCH_USER_PATHS = NO;
				ASSETCATALOG_COMPILER_GENERATE_SWIFT_ASSET_SYMBOL_EXTENSIONS = YES;
				CLANG_ANALYZER_NONNULL = YES;
				CLANG_ANALYZER_NUMBER_OBJECT_CONVERSION = YES_AGGRESSIVE;
				CLANG_CXX_LANGUAGE_STANDARD = "gnu++20";
				CLANG_ENABLE_MODULES = YES;
				CLANG_ENABLE_OBJC_ARC = YES;
				CLANG_ENABLE_OBJC_WEAK = YES;
				CLANG_WARN_BLOCK_CAPTURE_AUTORELEASING = YES;
				CLANG_WARN_BOOL_CONVERSION = YES;
				CLANG_WARN_COMMA = YES;
				CLANG_WARN_CONSTANT_CONVERSION = YES;
				CLANG_WARN_DEPRECATED_OBJC_IMPLEMENTATIONS = YES;
				CLANG_WARN_DIRECT_OBJC_ISA_USAGE = YES_ERROR;
				CLANG_WARN_DOCUMENTATION_COMMENTS = YES;
				CLANG_WARN_EMPTY_BODY = YES;
				CLANG_WARN_ENUM_CONVERSION = YES;
				CLANG_WARN_INFINITE_RECURSION = YES;
				CLANG_WARN_INT_CONVERSION = YES;
				CLANG_WARN_NON_LITERAL_NULL_CONVERSION = YES;
				CLANG_WARN_OBJC_IMPLICIT_RETAIN_SELF = YES;
				CLANG_WARN_OBJC_LITERAL_CONVERSION = YES;
				CLANG_WARN_OBJC_ROOT_CLASS = YES_ERROR;
				CLANG_WARN_QUOTED_INCLUDE_IN_FRAMEWORK_HEADER = YES;
				CLANG_WARN_RANGE_LOOP_ANALYSIS = YES;
				CLANG_WARN_STRICT_PROTOTYPES = YES;
				CLANG_WARN_SUSPICIOUS_MOVE = YES;
				CLANG_WARN_UNGUARDED_AVAILABILITY = YES_AGGRESSIVE;
				CLANG_WARN_UNREACHABLE_CODE = YES;
				CLANG_WARN__DUPLICATE_METHOD_MATCH = YES;
				COPY_PHASE_STRIP = NO;
				DEBUG_INFORMATION_FORMAT = "dwarf-with-dsym";
				ENABLE_NS_ASSERTIONS = NO;
				ENABLE_STRICT_OBJC_MSGSEND = YES;
				ENABLE_USER_SCRIPT_SANDBOXING = YES;
				GCC_C_LANGUAGE_STANDARD = gnu17;
				GCC_NO_COMMON_BLOCKS = YES;
				GCC_WARN_64_TO_32_BIT_CONVERSION = YES;
				GCC_WARN_ABOUT_RETURN_TYPE = YES_ERROR;
				GCC_WARN_UNDECLARED_SELECTOR = YES;
				GCC_WARN_UNINITIALIZED_AUTOS = YES_AGGRESSIVE;
				GCC_WARN_UNUSED_FUNCTION = YES;
				GCC_WARN_UNUSED_VARIABLE = YES;
				IPHONEOS_DEPLOYMENT_TARGET = 17.2;
				LOCALIZATION_PREFERS_STRING_CATALOGS = YES;
				MTL_ENABLE_DEBUG_INFO = NO;
				MTL_FAST_MATH = YES;
				SDKROOT = iphoneos;
				SWIFT_COMPILATION_MODE = wholemodule;
				VALIDATE_PRODUCT = YES;
			};
			name = Release;
		};
		88A04D1B2B7DFF63007ACC23 /* Debug */ = {
			isa = XCBuildConfiguration;
			buildSettings = {
				ASSETCATALOG_COMPILER_APPICON_NAME = AppIcon;
				ASSETCATALOG_COMPILER_GLOBAL_ACCENT_COLOR_NAME = AccentColor;
				CODE_SIGN_STYLE = Automatic;
				CURRENT_PROJECT_VERSION = 1;
				DEVELOPMENT_TEAM = 48ZGK5S53A;
				ENABLE_USER_SCRIPT_SANDBOXING = NO;
				GENERATE_INFOPLIST_FILE = YES;
				INFOPLIST_FILE = GamesInfo/Info.plist;
				INFOPLIST_KEY_UIApplicationSupportsIndirectInputEvents = YES;
				INFOPLIST_KEY_UILaunchStoryboardName = LaunchScreen;
				INFOPLIST_KEY_UISupportedInterfaceOrientations_iPad = "UIInterfaceOrientationPortrait UIInterfaceOrientationPortraitUpsideDown UIInterfaceOrientationLandscapeLeft UIInterfaceOrientationLandscapeRight";
				INFOPLIST_KEY_UISupportedInterfaceOrientations_iPhone = "UIInterfaceOrientationPortrait UIInterfaceOrientationLandscapeLeft UIInterfaceOrientationLandscapeRight";
				LD_RUNPATH_SEARCH_PATHS = (
					"$(inherited)",
					"@executable_path/Frameworks",
				);
				MARKETING_VERSION = 1.0;
				PRODUCT_BUNDLE_IDENTIFIER = dev.oleksi.GamesInfo.debug;
				PRODUCT_NAME = "$(TARGET_NAME)";
				SWIFT_EMIT_LOC_STRINGS = YES;
				SWIFT_VERSION = 5.0;
				TARGETED_DEVICE_FAMILY = "1,2";
			};
			name = Debug;
		};
		88A04D1C2B7DFF63007ACC23 /* Release */ = {
			isa = XCBuildConfiguration;
			buildSettings = {
				ASSETCATALOG_COMPILER_APPICON_NAME = AppIcon;
				ASSETCATALOG_COMPILER_GLOBAL_ACCENT_COLOR_NAME = AccentColor;
				CODE_SIGN_STYLE = Automatic;
				CURRENT_PROJECT_VERSION = 1;
				DEVELOPMENT_TEAM = 48ZGK5S53A;
				ENABLE_USER_SCRIPT_SANDBOXING = NO;
				GENERATE_INFOPLIST_FILE = YES;
				INFOPLIST_FILE = GamesInfo/Info.plist;
				INFOPLIST_KEY_UIApplicationSupportsIndirectInputEvents = YES;
				INFOPLIST_KEY_UILaunchStoryboardName = LaunchScreen;
				INFOPLIST_KEY_UISupportedInterfaceOrientations_iPad = "UIInterfaceOrientationPortrait UIInterfaceOrientationPortraitUpsideDown UIInterfaceOrientationLandscapeLeft UIInterfaceOrientationLandscapeRight";
				INFOPLIST_KEY_UISupportedInterfaceOrientations_iPhone = "UIInterfaceOrientationPortrait UIInterfaceOrientationLandscapeLeft UIInterfaceOrientationLandscapeRight";
				LD_RUNPATH_SEARCH_PATHS = (
					"$(inherited)",
					"@executable_path/Frameworks",
				);
				MARKETING_VERSION = 1.0;
				PRODUCT_BUNDLE_IDENTIFIER = dev.oleksi.GamesInfo;
				PRODUCT_NAME = "$(TARGET_NAME)";
				SWIFT_EMIT_LOC_STRINGS = YES;
				SWIFT_VERSION = 5.0;
				TARGETED_DEVICE_FAMILY = "1,2";
			};
			name = Release;
		};
		88A04D1E2B7DFF63007ACC23 /* Debug */ = {
			isa = XCBuildConfiguration;
			buildSettings = {
				ALWAYS_EMBED_SWIFT_STANDARD_LIBRARIES = YES;
				BUNDLE_LOADER = "$(TEST_HOST)";
				CODE_SIGN_STYLE = Automatic;
				CURRENT_PROJECT_VERSION = 1;
				DEVELOPMENT_TEAM = 48ZGK5S53A;
				GENERATE_INFOPLIST_FILE = YES;
				IPHONEOS_DEPLOYMENT_TARGET = 17.2;
				MARKETING_VERSION = 1.0;
				PRODUCT_BUNDLE_IDENTIFIER = dev.oleksi.GamesInfoTests;
				PRODUCT_NAME = "$(TARGET_NAME)";
				SWIFT_EMIT_LOC_STRINGS = NO;
				SWIFT_VERSION = 5.0;
				TARGETED_DEVICE_FAMILY = "1,2";
				TEST_HOST = "$(BUILT_PRODUCTS_DIR)/GamesInfo.app/$(BUNDLE_EXECUTABLE_FOLDER_PATH)/GamesInfo";
			};
			name = Debug;
		};
		88A04D1F2B7DFF63007ACC23 /* Release */ = {
			isa = XCBuildConfiguration;
			buildSettings = {
				ALWAYS_EMBED_SWIFT_STANDARD_LIBRARIES = YES;
				BUNDLE_LOADER = "$(TEST_HOST)";
				CODE_SIGN_STYLE = Automatic;
				CURRENT_PROJECT_VERSION = 1;
				DEVELOPMENT_TEAM = 48ZGK5S53A;
				GENERATE_INFOPLIST_FILE = YES;
				IPHONEOS_DEPLOYMENT_TARGET = 17.2;
				MARKETING_VERSION = 1.0;
				PRODUCT_BUNDLE_IDENTIFIER = dev.oleksi.GamesInfoTests;
				PRODUCT_NAME = "$(TARGET_NAME)";
				SWIFT_EMIT_LOC_STRINGS = NO;
				SWIFT_VERSION = 5.0;
				TARGETED_DEVICE_FAMILY = "1,2";
				TEST_HOST = "$(BUILT_PRODUCTS_DIR)/GamesInfo.app/$(BUNDLE_EXECUTABLE_FOLDER_PATH)/GamesInfo";
			};
			name = Release;
		};
		88A04D212B7DFF63007ACC23 /* Debug */ = {
			isa = XCBuildConfiguration;
			buildSettings = {
				ALWAYS_EMBED_SWIFT_STANDARD_LIBRARIES = YES;
				CODE_SIGN_STYLE = Automatic;
				CURRENT_PROJECT_VERSION = 1;
				DEVELOPMENT_TEAM = 48ZGK5S53A;
				GENERATE_INFOPLIST_FILE = YES;
				MARKETING_VERSION = 1.0;
				PRODUCT_BUNDLE_IDENTIFIER = dev.oleksi.GamesInfoUITests;
				PRODUCT_NAME = "$(TARGET_NAME)";
				SWIFT_EMIT_LOC_STRINGS = NO;
				SWIFT_VERSION = 5.0;
				TARGETED_DEVICE_FAMILY = "1,2";
				TEST_TARGET_NAME = GamesInfo;
			};
			name = Debug;
		};
		88A04D222B7DFF63007ACC23 /* Release */ = {
			isa = XCBuildConfiguration;
			buildSettings = {
				ALWAYS_EMBED_SWIFT_STANDARD_LIBRARIES = YES;
				CODE_SIGN_STYLE = Automatic;
				CURRENT_PROJECT_VERSION = 1;
				DEVELOPMENT_TEAM = 48ZGK5S53A;
				GENERATE_INFOPLIST_FILE = YES;
				MARKETING_VERSION = 1.0;
				PRODUCT_BUNDLE_IDENTIFIER = dev.oleksi.GamesInfoUITests;
				PRODUCT_NAME = "$(TARGET_NAME)";
				SWIFT_EMIT_LOC_STRINGS = NO;
				SWIFT_VERSION = 5.0;
				TARGETED_DEVICE_FAMILY = "1,2";
				TEST_TARGET_NAME = GamesInfo;
			};
			name = Release;
		};
		88A04D412B7E187C007ACC23 /* DEV */ = {
			isa = XCBuildConfiguration;
			buildSettings = {
				ALWAYS_SEARCH_USER_PATHS = NO;
				ASSETCATALOG_COMPILER_GENERATE_SWIFT_ASSET_SYMBOL_EXTENSIONS = YES;
				CLANG_ANALYZER_NONNULL = YES;
				CLANG_ANALYZER_NUMBER_OBJECT_CONVERSION = YES_AGGRESSIVE;
				CLANG_CXX_LANGUAGE_STANDARD = "gnu++20";
				CLANG_ENABLE_MODULES = YES;
				CLANG_ENABLE_OBJC_ARC = YES;
				CLANG_ENABLE_OBJC_WEAK = YES;
				CLANG_WARN_BLOCK_CAPTURE_AUTORELEASING = YES;
				CLANG_WARN_BOOL_CONVERSION = YES;
				CLANG_WARN_COMMA = YES;
				CLANG_WARN_CONSTANT_CONVERSION = YES;
				CLANG_WARN_DEPRECATED_OBJC_IMPLEMENTATIONS = YES;
				CLANG_WARN_DIRECT_OBJC_ISA_USAGE = YES_ERROR;
				CLANG_WARN_DOCUMENTATION_COMMENTS = YES;
				CLANG_WARN_EMPTY_BODY = YES;
				CLANG_WARN_ENUM_CONVERSION = YES;
				CLANG_WARN_INFINITE_RECURSION = YES;
				CLANG_WARN_INT_CONVERSION = YES;
				CLANG_WARN_NON_LITERAL_NULL_CONVERSION = YES;
				CLANG_WARN_OBJC_IMPLICIT_RETAIN_SELF = YES;
				CLANG_WARN_OBJC_LITERAL_CONVERSION = YES;
				CLANG_WARN_OBJC_ROOT_CLASS = YES_ERROR;
				CLANG_WARN_QUOTED_INCLUDE_IN_FRAMEWORK_HEADER = YES;
				CLANG_WARN_RANGE_LOOP_ANALYSIS = YES;
				CLANG_WARN_STRICT_PROTOTYPES = YES;
				CLANG_WARN_SUSPICIOUS_MOVE = YES;
				CLANG_WARN_UNGUARDED_AVAILABILITY = YES_AGGRESSIVE;
				CLANG_WARN_UNREACHABLE_CODE = YES;
				CLANG_WARN__DUPLICATE_METHOD_MATCH = YES;
				COPY_PHASE_STRIP = NO;
				DEBUG_INFORMATION_FORMAT = dwarf;
				ENABLE_STRICT_OBJC_MSGSEND = YES;
				ENABLE_TESTABILITY = YES;
				ENABLE_USER_SCRIPT_SANDBOXING = YES;
				GCC_C_LANGUAGE_STANDARD = gnu17;
				GCC_DYNAMIC_NO_PIC = NO;
				GCC_NO_COMMON_BLOCKS = YES;
				GCC_OPTIMIZATION_LEVEL = 0;
				GCC_PREPROCESSOR_DEFINITIONS = DEV;
				GCC_WARN_64_TO_32_BIT_CONVERSION = YES;
				GCC_WARN_ABOUT_RETURN_TYPE = YES_ERROR;
				GCC_WARN_UNDECLARED_SELECTOR = YES;
				GCC_WARN_UNINITIALIZED_AUTOS = YES_AGGRESSIVE;
				GCC_WARN_UNUSED_FUNCTION = YES;
				GCC_WARN_UNUSED_VARIABLE = YES;
				IPHONEOS_DEPLOYMENT_TARGET = 17.2;
				LOCALIZATION_PREFERS_STRING_CATALOGS = YES;
				MTL_ENABLE_DEBUG_INFO = INCLUDE_SOURCE;
				MTL_FAST_MATH = YES;
				ONLY_ACTIVE_ARCH = YES;
				SDKROOT = iphoneos;
				SWIFT_ACTIVE_COMPILATION_CONDITIONS = DEV;
				SWIFT_OPTIMIZATION_LEVEL = "-Onone";
			};
			name = DEV;
		};
		88A04D422B7E187C007ACC23 /* DEV */ = {
			isa = XCBuildConfiguration;
			buildSettings = {
				ASSETCATALOG_COMPILER_APPICON_NAME = AppIcon;
				ASSETCATALOG_COMPILER_GLOBAL_ACCENT_COLOR_NAME = AccentColor;
				CODE_SIGN_STYLE = Automatic;
				CURRENT_PROJECT_VERSION = 1;
				DEVELOPMENT_TEAM = 48ZGK5S53A;
				ENABLE_USER_SCRIPT_SANDBOXING = NO;
				GCC_PREPROCESSOR_DEFINITIONS = DEV;
				GENERATE_INFOPLIST_FILE = YES;
				INFOPLIST_FILE = GamesInfo/Info.plist;
				INFOPLIST_KEY_UIApplicationSupportsIndirectInputEvents = YES;
				INFOPLIST_KEY_UILaunchStoryboardName = LaunchScreen;
				INFOPLIST_KEY_UISupportedInterfaceOrientations_iPad = "UIInterfaceOrientationPortrait UIInterfaceOrientationPortraitUpsideDown UIInterfaceOrientationLandscapeLeft UIInterfaceOrientationLandscapeRight";
				INFOPLIST_KEY_UISupportedInterfaceOrientations_iPhone = "UIInterfaceOrientationPortrait UIInterfaceOrientationLandscapeLeft UIInterfaceOrientationLandscapeRight";
				LD_RUNPATH_SEARCH_PATHS = (
					"$(inherited)",
					"@executable_path/Frameworks",
				);
				MARKETING_VERSION = 1.0;
				PRODUCT_BUNDLE_IDENTIFIER = dev.oleksi.GamesInfo.dev;
				PRODUCT_NAME = "$(TARGET_NAME)";
				SWIFT_ACTIVE_COMPILATION_CONDITIONS = DEV;
				SWIFT_EMIT_LOC_STRINGS = YES;
				SWIFT_VERSION = 5.0;
				TARGETED_DEVICE_FAMILY = "1,2";
			};
			name = DEV;
		};
		88A04D432B7E187C007ACC23 /* DEV */ = {
			isa = XCBuildConfiguration;
			buildSettings = {
				ALWAYS_EMBED_SWIFT_STANDARD_LIBRARIES = YES;
				BUNDLE_LOADER = "$(TEST_HOST)";
				CODE_SIGN_STYLE = Automatic;
				CURRENT_PROJECT_VERSION = 1;
				DEVELOPMENT_TEAM = 48ZGK5S53A;
				GENERATE_INFOPLIST_FILE = YES;
				IPHONEOS_DEPLOYMENT_TARGET = 17.2;
				MARKETING_VERSION = 1.0;
				PRODUCT_BUNDLE_IDENTIFIER = dev.oleksi.GamesInfoTests;
				PRODUCT_NAME = "$(TARGET_NAME)";
				SWIFT_EMIT_LOC_STRINGS = NO;
				SWIFT_VERSION = 5.0;
				TARGETED_DEVICE_FAMILY = "1,2";
				TEST_HOST = "$(BUILT_PRODUCTS_DIR)/GamesInfo.app/$(BUNDLE_EXECUTABLE_FOLDER_PATH)/GamesInfo";
			};
			name = DEV;
		};
		88A04D442B7E187C007ACC23 /* DEV */ = {
			isa = XCBuildConfiguration;
			buildSettings = {
				ALWAYS_EMBED_SWIFT_STANDARD_LIBRARIES = YES;
				CODE_SIGN_STYLE = Automatic;
				CURRENT_PROJECT_VERSION = 1;
				DEVELOPMENT_TEAM = 48ZGK5S53A;
				GENERATE_INFOPLIST_FILE = YES;
				MARKETING_VERSION = 1.0;
				PRODUCT_BUNDLE_IDENTIFIER = dev.oleksi.GamesInfoUITests;
				PRODUCT_NAME = "$(TARGET_NAME)";
				SWIFT_EMIT_LOC_STRINGS = NO;
				SWIFT_VERSION = 5.0;
				TARGETED_DEVICE_FAMILY = "1,2";
				TEST_TARGET_NAME = GamesInfo;
			};
			name = DEV;
		};
		88A04D452B7E1889007ACC23 /* STAGE */ = {
			isa = XCBuildConfiguration;
			buildSettings = {
				ALWAYS_SEARCH_USER_PATHS = NO;
				ASSETCATALOG_COMPILER_GENERATE_SWIFT_ASSET_SYMBOL_EXTENSIONS = YES;
				CLANG_ANALYZER_NONNULL = YES;
				CLANG_ANALYZER_NUMBER_OBJECT_CONVERSION = YES_AGGRESSIVE;
				CLANG_CXX_LANGUAGE_STANDARD = "gnu++20";
				CLANG_ENABLE_MODULES = YES;
				CLANG_ENABLE_OBJC_ARC = YES;
				CLANG_ENABLE_OBJC_WEAK = YES;
				CLANG_WARN_BLOCK_CAPTURE_AUTORELEASING = YES;
				CLANG_WARN_BOOL_CONVERSION = YES;
				CLANG_WARN_COMMA = YES;
				CLANG_WARN_CONSTANT_CONVERSION = YES;
				CLANG_WARN_DEPRECATED_OBJC_IMPLEMENTATIONS = YES;
				CLANG_WARN_DIRECT_OBJC_ISA_USAGE = YES_ERROR;
				CLANG_WARN_DOCUMENTATION_COMMENTS = YES;
				CLANG_WARN_EMPTY_BODY = YES;
				CLANG_WARN_ENUM_CONVERSION = YES;
				CLANG_WARN_INFINITE_RECURSION = YES;
				CLANG_WARN_INT_CONVERSION = YES;
				CLANG_WARN_NON_LITERAL_NULL_CONVERSION = YES;
				CLANG_WARN_OBJC_IMPLICIT_RETAIN_SELF = YES;
				CLANG_WARN_OBJC_LITERAL_CONVERSION = YES;
				CLANG_WARN_OBJC_ROOT_CLASS = YES_ERROR;
				CLANG_WARN_QUOTED_INCLUDE_IN_FRAMEWORK_HEADER = YES;
				CLANG_WARN_RANGE_LOOP_ANALYSIS = YES;
				CLANG_WARN_STRICT_PROTOTYPES = YES;
				CLANG_WARN_SUSPICIOUS_MOVE = YES;
				CLANG_WARN_UNGUARDED_AVAILABILITY = YES_AGGRESSIVE;
				CLANG_WARN_UNREACHABLE_CODE = YES;
				CLANG_WARN__DUPLICATE_METHOD_MATCH = YES;
				COPY_PHASE_STRIP = NO;
				DEBUG_INFORMATION_FORMAT = dwarf;
				ENABLE_STRICT_OBJC_MSGSEND = YES;
				ENABLE_TESTABILITY = YES;
				ENABLE_USER_SCRIPT_SANDBOXING = YES;
				GCC_C_LANGUAGE_STANDARD = gnu17;
				GCC_DYNAMIC_NO_PIC = NO;
				GCC_NO_COMMON_BLOCKS = YES;
				GCC_OPTIMIZATION_LEVEL = 0;
				GCC_PREPROCESSOR_DEFINITIONS = STAGE;
				GCC_WARN_64_TO_32_BIT_CONVERSION = YES;
				GCC_WARN_ABOUT_RETURN_TYPE = YES_ERROR;
				GCC_WARN_UNDECLARED_SELECTOR = YES;
				GCC_WARN_UNINITIALIZED_AUTOS = YES_AGGRESSIVE;
				GCC_WARN_UNUSED_FUNCTION = YES;
				GCC_WARN_UNUSED_VARIABLE = YES;
				IPHONEOS_DEPLOYMENT_TARGET = 17.2;
				LOCALIZATION_PREFERS_STRING_CATALOGS = YES;
				MTL_ENABLE_DEBUG_INFO = INCLUDE_SOURCE;
				MTL_FAST_MATH = YES;
				ONLY_ACTIVE_ARCH = YES;
				SDKROOT = iphoneos;
				SWIFT_ACTIVE_COMPILATION_CONDITIONS = STAGE;
				SWIFT_OPTIMIZATION_LEVEL = "-Onone";
			};
			name = STAGE;
		};
		88A04D462B7E1889007ACC23 /* STAGE */ = {
			isa = XCBuildConfiguration;
			buildSettings = {
				ASSETCATALOG_COMPILER_APPICON_NAME = AppIcon;
				ASSETCATALOG_COMPILER_GLOBAL_ACCENT_COLOR_NAME = AccentColor;
				CODE_SIGN_STYLE = Automatic;
				CURRENT_PROJECT_VERSION = 1;
				DEVELOPMENT_TEAM = 48ZGK5S53A;
				ENABLE_USER_SCRIPT_SANDBOXING = NO;
				GCC_PREPROCESSOR_DEFINITIONS = STAGE;
				GENERATE_INFOPLIST_FILE = YES;
				INFOPLIST_FILE = GamesInfo/Info.plist;
				INFOPLIST_KEY_UIApplicationSupportsIndirectInputEvents = YES;
				INFOPLIST_KEY_UILaunchStoryboardName = LaunchScreen;
				INFOPLIST_KEY_UISupportedInterfaceOrientations_iPad = "UIInterfaceOrientationPortrait UIInterfaceOrientationPortraitUpsideDown UIInterfaceOrientationLandscapeLeft UIInterfaceOrientationLandscapeRight";
				INFOPLIST_KEY_UISupportedInterfaceOrientations_iPhone = "UIInterfaceOrientationPortrait UIInterfaceOrientationLandscapeLeft UIInterfaceOrientationLandscapeRight";
				LD_RUNPATH_SEARCH_PATHS = (
					"$(inherited)",
					"@executable_path/Frameworks",
				);
				MARKETING_VERSION = 1.0;
				PRODUCT_BUNDLE_IDENTIFIER = dev.oleksi.GamesInfo.stage;
				PRODUCT_NAME = "$(TARGET_NAME)";
				SWIFT_ACTIVE_COMPILATION_CONDITIONS = STAGE;
				SWIFT_EMIT_LOC_STRINGS = YES;
				SWIFT_VERSION = 5.0;
				TARGETED_DEVICE_FAMILY = "1,2";
			};
			name = STAGE;
		};
		88A04D472B7E1889007ACC23 /* STAGE */ = {
			isa = XCBuildConfiguration;
			buildSettings = {
				ALWAYS_EMBED_SWIFT_STANDARD_LIBRARIES = YES;
				BUNDLE_LOADER = "$(TEST_HOST)";
				CODE_SIGN_STYLE = Automatic;
				CURRENT_PROJECT_VERSION = 1;
				DEVELOPMENT_TEAM = 48ZGK5S53A;
				GENERATE_INFOPLIST_FILE = YES;
				IPHONEOS_DEPLOYMENT_TARGET = 17.2;
				MARKETING_VERSION = 1.0;
				PRODUCT_BUNDLE_IDENTIFIER = dev.oleksi.GamesInfoTests;
				PRODUCT_NAME = "$(TARGET_NAME)";
				SWIFT_EMIT_LOC_STRINGS = NO;
				SWIFT_VERSION = 5.0;
				TARGETED_DEVICE_FAMILY = "1,2";
				TEST_HOST = "$(BUILT_PRODUCTS_DIR)/GamesInfo.app/$(BUNDLE_EXECUTABLE_FOLDER_PATH)/GamesInfo";
			};
			name = STAGE;
		};
		88A04D482B7E1889007ACC23 /* STAGE */ = {
			isa = XCBuildConfiguration;
			buildSettings = {
				ALWAYS_EMBED_SWIFT_STANDARD_LIBRARIES = YES;
				CODE_SIGN_STYLE = Automatic;
				CURRENT_PROJECT_VERSION = 1;
				DEVELOPMENT_TEAM = 48ZGK5S53A;
				GENERATE_INFOPLIST_FILE = YES;
				MARKETING_VERSION = 1.0;
				PRODUCT_BUNDLE_IDENTIFIER = dev.oleksi.GamesInfoUITests;
				PRODUCT_NAME = "$(TARGET_NAME)";
				SWIFT_EMIT_LOC_STRINGS = NO;
				SWIFT_VERSION = 5.0;
				TARGETED_DEVICE_FAMILY = "1,2";
				TEST_TARGET_NAME = GamesInfo;
			};
			name = STAGE;
		};
		88A04D492B7E1892007ACC23 /* PROD */ = {
			isa = XCBuildConfiguration;
			buildSettings = {
				ALWAYS_SEARCH_USER_PATHS = NO;
				ASSETCATALOG_COMPILER_GENERATE_SWIFT_ASSET_SYMBOL_EXTENSIONS = YES;
				CLANG_ANALYZER_NONNULL = YES;
				CLANG_ANALYZER_NUMBER_OBJECT_CONVERSION = YES_AGGRESSIVE;
				CLANG_CXX_LANGUAGE_STANDARD = "gnu++20";
				CLANG_ENABLE_MODULES = YES;
				CLANG_ENABLE_OBJC_ARC = YES;
				CLANG_ENABLE_OBJC_WEAK = YES;
				CLANG_WARN_BLOCK_CAPTURE_AUTORELEASING = YES;
				CLANG_WARN_BOOL_CONVERSION = YES;
				CLANG_WARN_COMMA = YES;
				CLANG_WARN_CONSTANT_CONVERSION = YES;
				CLANG_WARN_DEPRECATED_OBJC_IMPLEMENTATIONS = YES;
				CLANG_WARN_DIRECT_OBJC_ISA_USAGE = YES_ERROR;
				CLANG_WARN_DOCUMENTATION_COMMENTS = YES;
				CLANG_WARN_EMPTY_BODY = YES;
				CLANG_WARN_ENUM_CONVERSION = YES;
				CLANG_WARN_INFINITE_RECURSION = YES;
				CLANG_WARN_INT_CONVERSION = YES;
				CLANG_WARN_NON_LITERAL_NULL_CONVERSION = YES;
				CLANG_WARN_OBJC_IMPLICIT_RETAIN_SELF = YES;
				CLANG_WARN_OBJC_LITERAL_CONVERSION = YES;
				CLANG_WARN_OBJC_ROOT_CLASS = YES_ERROR;
				CLANG_WARN_QUOTED_INCLUDE_IN_FRAMEWORK_HEADER = YES;
				CLANG_WARN_RANGE_LOOP_ANALYSIS = YES;
				CLANG_WARN_STRICT_PROTOTYPES = YES;
				CLANG_WARN_SUSPICIOUS_MOVE = YES;
				CLANG_WARN_UNGUARDED_AVAILABILITY = YES_AGGRESSIVE;
				CLANG_WARN_UNREACHABLE_CODE = YES;
				CLANG_WARN__DUPLICATE_METHOD_MATCH = YES;
				COPY_PHASE_STRIP = NO;
				DEBUG_INFORMATION_FORMAT = dwarf;
				ENABLE_STRICT_OBJC_MSGSEND = YES;
				ENABLE_TESTABILITY = YES;
				ENABLE_USER_SCRIPT_SANDBOXING = YES;
				GCC_C_LANGUAGE_STANDARD = gnu17;
				GCC_DYNAMIC_NO_PIC = NO;
				GCC_NO_COMMON_BLOCKS = YES;
				GCC_OPTIMIZATION_LEVEL = 0;
				GCC_PREPROCESSOR_DEFINITIONS = PROD;
				GCC_WARN_64_TO_32_BIT_CONVERSION = YES;
				GCC_WARN_ABOUT_RETURN_TYPE = YES_ERROR;
				GCC_WARN_UNDECLARED_SELECTOR = YES;
				GCC_WARN_UNINITIALIZED_AUTOS = YES_AGGRESSIVE;
				GCC_WARN_UNUSED_FUNCTION = YES;
				GCC_WARN_UNUSED_VARIABLE = YES;
				IPHONEOS_DEPLOYMENT_TARGET = 17.2;
				LOCALIZATION_PREFERS_STRING_CATALOGS = YES;
				MTL_ENABLE_DEBUG_INFO = INCLUDE_SOURCE;
				MTL_FAST_MATH = YES;
				ONLY_ACTIVE_ARCH = YES;
				SDKROOT = iphoneos;
				SWIFT_ACTIVE_COMPILATION_CONDITIONS = PROD;
				SWIFT_OPTIMIZATION_LEVEL = "-Onone";
			};
			name = PROD;
		};
		88A04D4A2B7E1892007ACC23 /* PROD */ = {
			isa = XCBuildConfiguration;
			buildSettings = {
				ASSETCATALOG_COMPILER_APPICON_NAME = AppIcon;
				ASSETCATALOG_COMPILER_GLOBAL_ACCENT_COLOR_NAME = AccentColor;
				CODE_SIGN_STYLE = Automatic;
				CURRENT_PROJECT_VERSION = 1;
				DEVELOPMENT_TEAM = 48ZGK5S53A;
				ENABLE_USER_SCRIPT_SANDBOXING = NO;
				GCC_PREPROCESSOR_DEFINITIONS = PROD;
				GENERATE_INFOPLIST_FILE = YES;
				INFOPLIST_FILE = GamesInfo/Info.plist;
				INFOPLIST_KEY_UIApplicationSupportsIndirectInputEvents = YES;
				INFOPLIST_KEY_UILaunchStoryboardName = LaunchScreen;
				INFOPLIST_KEY_UISupportedInterfaceOrientations_iPad = "UIInterfaceOrientationPortrait UIInterfaceOrientationPortraitUpsideDown UIInterfaceOrientationLandscapeLeft UIInterfaceOrientationLandscapeRight";
				INFOPLIST_KEY_UISupportedInterfaceOrientations_iPhone = "UIInterfaceOrientationPortrait UIInterfaceOrientationLandscapeLeft UIInterfaceOrientationLandscapeRight";
				LD_RUNPATH_SEARCH_PATHS = (
					"$(inherited)",
					"@executable_path/Frameworks",
				);
				MARKETING_VERSION = 1.0;
				PRODUCT_BUNDLE_IDENTIFIER = dev.oleksi.GamesInfo;
				PRODUCT_NAME = "$(TARGET_NAME)";
				SWIFT_ACTIVE_COMPILATION_CONDITIONS = PROD;
				SWIFT_EMIT_LOC_STRINGS = YES;
				SWIFT_VERSION = 5.0;
				TARGETED_DEVICE_FAMILY = "1,2";
			};
			name = PROD;
		};
		88A04D4B2B7E1892007ACC23 /* PROD */ = {
			isa = XCBuildConfiguration;
			buildSettings = {
				ALWAYS_EMBED_SWIFT_STANDARD_LIBRARIES = YES;
				BUNDLE_LOADER = "$(TEST_HOST)";
				CODE_SIGN_STYLE = Automatic;
				CURRENT_PROJECT_VERSION = 1;
				DEVELOPMENT_TEAM = 48ZGK5S53A;
				GENERATE_INFOPLIST_FILE = YES;
				IPHONEOS_DEPLOYMENT_TARGET = 17.2;
				MARKETING_VERSION = 1.0;
				PRODUCT_BUNDLE_IDENTIFIER = dev.oleksi.GamesInfoTests;
				PRODUCT_NAME = "$(TARGET_NAME)";
				SWIFT_EMIT_LOC_STRINGS = NO;
				SWIFT_VERSION = 5.0;
				TARGETED_DEVICE_FAMILY = "1,2";
				TEST_HOST = "$(BUILT_PRODUCTS_DIR)/GamesInfo.app/$(BUNDLE_EXECUTABLE_FOLDER_PATH)/GamesInfo";
			};
			name = PROD;
		};
		88A04D4C2B7E1892007ACC23 /* PROD */ = {
			isa = XCBuildConfiguration;
			buildSettings = {
				ALWAYS_EMBED_SWIFT_STANDARD_LIBRARIES = YES;
				CODE_SIGN_STYLE = Automatic;
				CURRENT_PROJECT_VERSION = 1;
				DEVELOPMENT_TEAM = 48ZGK5S53A;
				GENERATE_INFOPLIST_FILE = YES;
				MARKETING_VERSION = 1.0;
				PRODUCT_BUNDLE_IDENTIFIER = dev.oleksi.GamesInfoUITests;
				PRODUCT_NAME = "$(TARGET_NAME)";
				SWIFT_EMIT_LOC_STRINGS = NO;
				SWIFT_VERSION = 5.0;
				TARGETED_DEVICE_FAMILY = "1,2";
				TEST_TARGET_NAME = GamesInfo;
			};
			name = PROD;
		};
/* End XCBuildConfiguration section */

/* Begin XCConfigurationList section */
		88A04CE82B7DFF61007ACC23 /* Build configuration list for PBXProject "GamesInfo" */ = {
			isa = XCConfigurationList;
			buildConfigurations = (
				88A04D182B7DFF63007ACC23 /* Debug */,
				88A04D412B7E187C007ACC23 /* DEV */,
				88A04D452B7E1889007ACC23 /* STAGE */,
				88A04D492B7E1892007ACC23 /* PROD */,
				88A04D192B7DFF63007ACC23 /* Release */,
			);
			defaultConfigurationIsVisible = 0;
			defaultConfigurationName = Release;
		};
		88A04D1A2B7DFF63007ACC23 /* Build configuration list for PBXNativeTarget "GamesInfo" */ = {
			isa = XCConfigurationList;
			buildConfigurations = (
				88A04D1B2B7DFF63007ACC23 /* Debug */,
				88A04D422B7E187C007ACC23 /* DEV */,
				88A04D462B7E1889007ACC23 /* STAGE */,
				88A04D4A2B7E1892007ACC23 /* PROD */,
				88A04D1C2B7DFF63007ACC23 /* Release */,
			);
			defaultConfigurationIsVisible = 0;
			defaultConfigurationName = Release;
		};
		88A04D1D2B7DFF63007ACC23 /* Build configuration list for PBXNativeTarget "GamesInfoTests" */ = {
			isa = XCConfigurationList;
			buildConfigurations = (
				88A04D1E2B7DFF63007ACC23 /* Debug */,
				88A04D432B7E187C007ACC23 /* DEV */,
				88A04D472B7E1889007ACC23 /* STAGE */,
				88A04D4B2B7E1892007ACC23 /* PROD */,
				88A04D1F2B7DFF63007ACC23 /* Release */,
			);
			defaultConfigurationIsVisible = 0;
			defaultConfigurationName = Release;
		};
		88A04D202B7DFF63007ACC23 /* Build configuration list for PBXNativeTarget "GamesInfoUITests" */ = {
			isa = XCConfigurationList;
			buildConfigurations = (
				88A04D212B7DFF63007ACC23 /* Debug */,
				88A04D442B7E187C007ACC23 /* DEV */,
				88A04D482B7E1889007ACC23 /* STAGE */,
				88A04D4C2B7E1892007ACC23 /* PROD */,
				88A04D222B7DFF63007ACC23 /* Release */,
			);
			defaultConfigurationIsVisible = 0;
			defaultConfigurationName = Release;
		};
/* End XCConfigurationList section */

/* Begin XCRemoteSwiftPackageReference section */
		88E21D922B86257F00D8BD84 /* XCRemoteSwiftPackageReference "firebase-ios-sdk" */ = {
			isa = XCRemoteSwiftPackageReference;
			repositoryURL = "https://github.com/firebase/firebase-ios-sdk";
			requirement = {
				kind = upToNextMajorVersion;
				minimumVersion = 10.21.0;
			};
		};
/* End XCRemoteSwiftPackageReference section */

/* Begin XCSwiftPackageProductDependency section */
		88E21D932B86257F00D8BD84 /* FirebaseAnalytics */ = {
			isa = XCSwiftPackageProductDependency;
			package = 88E21D922B86257F00D8BD84 /* XCRemoteSwiftPackageReference "firebase-ios-sdk" */;
			productName = FirebaseAnalytics;
		};
		88E21D952B86257F00D8BD84 /* FirebaseCrashlytics */ = {
			isa = XCSwiftPackageProductDependency;
			package = 88E21D922B86257F00D8BD84 /* XCRemoteSwiftPackageReference "firebase-ios-sdk" */;
			productName = FirebaseCrashlytics;
		};
/* End XCSwiftPackageProductDependency section */

/* Begin XCVersionGroup section */
		88A04CF92B7DFF62007ACC23 /* GamesInfo.xcdatamodeld */ = {
			isa = XCVersionGroup;
			children = (
				88A04CFA2B7DFF62007ACC23 /* GamesInfo.xcdatamodel */,
			);
			currentVersion = 88A04CFA2B7DFF62007ACC23 /* GamesInfo.xcdatamodel */;
			path = GamesInfo.xcdatamodeld;
			sourceTree = "<group>";
			versionGroupType = wrapper.xcdatamodel;
		};
		88A6F0322B826E3B0069516F /* CoreDataModel.xcdatamodeld */ = {
			isa = XCVersionGroup;
			children = (
				88A6F0332B826E3B0069516F /* CoreDataModel.xcdatamodel */,
			);
			currentVersion = 88A6F0332B826E3B0069516F /* CoreDataModel.xcdatamodel */;
			path = CoreDataModel.xcdatamodeld;
			sourceTree = "<group>";
			versionGroupType = wrapper.xcdatamodel;
		};
/* End XCVersionGroup section */
	};
	rootObject = 88A04CE52B7DFF61007ACC23 /* Project object */;
}
