// !$*UTF8*$!
{
	archiveVersion = 1;
	classes = {
	};
	objectVersion = 56;
	objects = {

/* Begin PBXBuildFile section */
		88A04CF12B7DFF62007ACC23 /* AppDelegate.swift in Sources */ = {isa = PBXBuildFile; fileRef = 88A04CF02B7DFF62007ACC23 /* AppDelegate.swift */; };
		88A04CF32B7DFF62007ACC23 /* SceneDelegate.swift in Sources */ = {isa = PBXBuildFile; fileRef = 88A04CF22B7DFF62007ACC23 /* SceneDelegate.swift */; };
		88A04CF52B7DFF62007ACC23 /* ViewController.swift in Sources */ = {isa = PBXBuildFile; fileRef = 88A04CF42B7DFF62007ACC23 /* ViewController.swift */; };
		88A04CF82B7DFF62007ACC23 /* Main.storyboard in Resources */ = {isa = PBXBuildFile; fileRef = 88A04CF62B7DFF62007ACC23 /* Main.storyboard */; };
		88A04CFB2B7DFF62007ACC23 /* GamesInfo.xcdatamodeld in Sources */ = {isa = PBXBuildFile; fileRef = 88A04CF92B7DFF62007ACC23 /* GamesInfo.xcdatamodeld */; };
		88A04CFD2B7DFF63007ACC23 /* Assets.xcassets in Resources */ = {isa = PBXBuildFile; fileRef = 88A04CFC2B7DFF63007ACC23 /* Assets.xcassets */; };
		88A04D002B7DFF63007ACC23 /* LaunchScreen.storyboard in Resources */ = {isa = PBXBuildFile; fileRef = 88A04CFE2B7DFF63007ACC23 /* LaunchScreen.storyboard */; };
		88A04D0B2B7DFF63007ACC23 /* GamesInfoTests.swift in Sources */ = {isa = PBXBuildFile; fileRef = 88A04D0A2B7DFF63007ACC23 /* GamesInfoTests.swift */; };
		88A04D152B7DFF63007ACC23 /* GamesInfoUITests.swift in Sources */ = {isa = PBXBuildFile; fileRef = 88A04D142B7DFF63007ACC23 /* GamesInfoUITests.swift */; };
		88A04D172B7DFF63007ACC23 /* GamesInfoUITestsLaunchTests.swift in Sources */ = {isa = PBXBuildFile; fileRef = 88A04D162B7DFF63007ACC23 /* GamesInfoUITestsLaunchTests.swift */; };
		88A04D2C2B7E0A8B007ACC23 /* NetworkProtocol.swift in Sources */ = {isa = PBXBuildFile; fileRef = 88A04D2B2B7E0A8B007ACC23 /* NetworkProtocol.swift */; };
		88A04D2E2B7E0AB0007ACC23 /* Coordinator.swift in Sources */ = {isa = PBXBuildFile; fileRef = 88A04D2D2B7E0AB0007ACC23 /* Coordinator.swift */; };
		88A04D302B7E0AE3007ACC23 /* AppLogger.swift in Sources */ = {isa = PBXBuildFile; fileRef = 88A04D2F2B7E0AE3007ACC23 /* AppLogger.swift */; };
		88A04D332B7E0B55007ACC23 /* OnboardingCoordinator.swift in Sources */ = {isa = PBXBuildFile; fileRef = 88A04D322B7E0B55007ACC23 /* OnboardingCoordinator.swift */; };
		88A04D352B7E0B79007ACC23 /* MainCoordinator.swift in Sources */ = {isa = PBXBuildFile; fileRef = 88A04D342B7E0B79007ACC23 /* MainCoordinator.swift */; };
		88A04D382B7E0BBA007ACC23 /* BaseViewController.swift in Sources */ = {isa = PBXBuildFile; fileRef = 88A04D372B7E0BBA007ACC23 /* BaseViewController.swift */; };
		88A04D3C2B7E0C0D007ACC23 /* ViewModelProtocol.swift in Sources */ = {isa = PBXBuildFile; fileRef = 88A04D3B2B7E0C0D007ACC23 /* ViewModelProtocol.swift */; };
		88A04D402B7E1731007ACC23 /* Environment.swift in Sources */ = {isa = PBXBuildFile; fileRef = 88A04D3F2B7E1731007ACC23 /* Environment.swift */; };
/* End PBXBuildFile section */

/* Begin PBXContainerItemProxy section */
		88A04D072B7DFF63007ACC23 /* PBXContainerItemProxy */ = {
			isa = PBXContainerItemProxy;
			containerPortal = 88A04CE52B7DFF61007ACC23 /* Project object */;
			proxyType = 1;
			remoteGlobalIDString = 88A04CEC2B7DFF62007ACC23;
			remoteInfo = GamesInfo;
		};
		88A04D112B7DFF63007ACC23 /* PBXContainerItemProxy */ = {
			isa = PBXContainerItemProxy;
			containerPortal = 88A04CE52B7DFF61007ACC23 /* Project object */;
			proxyType = 1;
			remoteGlobalIDString = 88A04CEC2B7DFF62007ACC23;
			remoteInfo = GamesInfo;
		};
/* End PBXContainerItemProxy section */

/* Begin PBXFileReference section */
		88A04CED2B7DFF62007ACC23 /* GamesInfo.app */ = {isa = PBXFileReference; explicitFileType = wrapper.application; includeInIndex = 0; path = GamesInfo.app; sourceTree = BUILT_PRODUCTS_DIR; };
		88A04CF02B7DFF62007ACC23 /* AppDelegate.swift */ = {isa = PBXFileReference; lastKnownFileType = sourcecode.swift; path = AppDelegate.swift; sourceTree = "<group>"; };
		88A04CF22B7DFF62007ACC23 /* SceneDelegate.swift */ = {isa = PBXFileReference; lastKnownFileType = sourcecode.swift; path = SceneDelegate.swift; sourceTree = "<group>"; };
		88A04CF42B7DFF62007ACC23 /* ViewController.swift */ = {isa = PBXFileReference; lastKnownFileType = sourcecode.swift; path = ViewController.swift; sourceTree = "<group>"; };
		88A04CF72B7DFF62007ACC23 /* Base */ = {isa = PBXFileReference; lastKnownFileType = file.storyboard; name = Base; path = Base.lproj/Main.storyboard; sourceTree = "<group>"; };
		88A04CFA2B7DFF62007ACC23 /* GamesInfo.xcdatamodel */ = {isa = PBXFileReference; lastKnownFileType = wrapper.xcdatamodel; path = GamesInfo.xcdatamodel; sourceTree = "<group>"; };
		88A04CFC2B7DFF63007ACC23 /* Assets.xcassets */ = {isa = PBXFileReference; lastKnownFileType = folder.assetcatalog; path = Assets.xcassets; sourceTree = "<group>"; };
		88A04CFF2B7DFF63007ACC23 /* Base */ = {isa = PBXFileReference; lastKnownFileType = file.storyboard; name = Base; path = Base.lproj/LaunchScreen.storyboard; sourceTree = "<group>"; };
		88A04D012B7DFF63007ACC23 /* Info.plist */ = {isa = PBXFileReference; lastKnownFileType = text.plist.xml; path = Info.plist; sourceTree = "<group>"; };
		88A04D062B7DFF63007ACC23 /* GamesInfoTests.xctest */ = {isa = PBXFileReference; explicitFileType = wrapper.cfbundle; includeInIndex = 0; path = GamesInfoTests.xctest; sourceTree = BUILT_PRODUCTS_DIR; };
		88A04D0A2B7DFF63007ACC23 /* GamesInfoTests.swift */ = {isa = PBXFileReference; lastKnownFileType = sourcecode.swift; path = GamesInfoTests.swift; sourceTree = "<group>"; };
		88A04D102B7DFF63007ACC23 /* GamesInfoUITests.xctest */ = {isa = PBXFileReference; explicitFileType = wrapper.cfbundle; includeInIndex = 0; path = GamesInfoUITests.xctest; sourceTree = BUILT_PRODUCTS_DIR; };
		88A04D142B7DFF63007ACC23 /* GamesInfoUITests.swift */ = {isa = PBXFileReference; lastKnownFileType = sourcecode.swift; path = GamesInfoUITests.swift; sourceTree = "<group>"; };
		88A04D162B7DFF63007ACC23 /* GamesInfoUITestsLaunchTests.swift */ = {isa = PBXFileReference; lastKnownFileType = sourcecode.swift; path = GamesInfoUITestsLaunchTests.swift; sourceTree = "<group>"; };
		88A04D2B2B7E0A8B007ACC23 /* NetworkProtocol.swift */ = {isa = PBXFileReference; lastKnownFileType = sourcecode.swift; path = NetworkProtocol.swift; sourceTree = "<group>"; };
		88A04D2D2B7E0AB0007ACC23 /* Coordinator.swift */ = {isa = PBXFileReference; lastKnownFileType = sourcecode.swift; path = Coordinator.swift; sourceTree = "<group>"; };
		88A04D2F2B7E0AE3007ACC23 /* AppLogger.swift */ = {isa = PBXFileReference; lastKnownFileType = sourcecode.swift; path = AppLogger.swift; sourceTree = "<group>"; };
		88A04D322B7E0B55007ACC23 /* OnboardingCoordinator.swift */ = {isa = PBXFileReference; lastKnownFileType = sourcecode.swift; path = OnboardingCoordinator.swift; sourceTree = "<group>"; };
		88A04D342B7E0B79007ACC23 /* MainCoordinator.swift */ = {isa = PBXFileReference; lastKnownFileType = sourcecode.swift; path = MainCoordinator.swift; sourceTree = "<group>"; };
		88A04D372B7E0BBA007ACC23 /* BaseViewController.swift */ = {isa = PBXFileReference; lastKnownFileType = sourcecode.swift; path = BaseViewController.swift; sourceTree = "<group>"; };
		88A04D3B2B7E0C0D007ACC23 /* ViewModelProtocol.swift */ = {isa = PBXFileReference; lastKnownFileType = sourcecode.swift; path = ViewModelProtocol.swift; sourceTree = "<group>"; };
		88A04D3F2B7E1731007ACC23 /* Environment.swift */ = {isa = PBXFileReference; lastKnownFileType = sourcecode.swift; path = Environment.swift; sourceTree = "<group>"; };
		88A04D4E2B7E1A7D007ACC23 /* Dev.xcconfig */ = {isa = PBXFileReference; lastKnownFileType = text.xcconfig; path = Dev.xcconfig; sourceTree = "<group>"; };
		88A04D4F2B7E1ACD007ACC23 /* STAGE.xcconfig */ = {isa = PBXFileReference; lastKnownFileType = text.xcconfig; path = STAGE.xcconfig; sourceTree = "<group>"; };
		88A04D502B7E1AE7007ACC23 /* PROD.xcconfig */ = {isa = PBXFileReference; lastKnownFileType = text.xcconfig; path = PROD.xcconfig; sourceTree = "<group>"; };
		88A04D512B7E1F2C007ACC23 /* Debug.xcconfig */ = {isa = PBXFileReference; lastKnownFileType = text.xcconfig; path = Debug.xcconfig; sourceTree = "<group>"; };
		88A04D522B7E1F3A007ACC23 /* Release.xcconfig */ = {isa = PBXFileReference; lastKnownFileType = text.xcconfig; path = Release.xcconfig; sourceTree = "<group>"; };
/* End PBXFileReference section */

/* Begin PBXFrameworksBuildPhase section */
		88A04CEA2B7DFF62007ACC23 /* Frameworks */ = {
			isa = PBXFrameworksBuildPhase;
			buildActionMask = 2147483647;
			files = (
			);
			runOnlyForDeploymentPostprocessing = 0;
		};
		88A04D032B7DFF63007ACC23 /* Frameworks */ = {
			isa = PBXFrameworksBuildPhase;
			buildActionMask = 2147483647;
			files = (
			);
			runOnlyForDeploymentPostprocessing = 0;
		};
		88A04D0D2B7DFF63007ACC23 /* Frameworks */ = {
			isa = PBXFrameworksBuildPhase;
			buildActionMask = 2147483647;
			files = (
			);
			runOnlyForDeploymentPostprocessing = 0;
		};
/* End PBXFrameworksBuildPhase section */

/* Begin PBXGroup section */
		88A04CE42B7DFF61007ACC23 = {
			isa = PBXGroup;
			children = (
				88A04CEF2B7DFF62007ACC23 /* GamesInfo */,
				88A04D092B7DFF63007ACC23 /* GamesInfoTests */,
				88A04D132B7DFF63007ACC23 /* GamesInfoUITests */,
				88A04CEE2B7DFF62007ACC23 /* Products */,
			);
			sourceTree = "<group>";
		};
		88A04CEE2B7DFF62007ACC23 /* Products */ = {
			isa = PBXGroup;
			children = (
				88A04CED2B7DFF62007ACC23 /* GamesInfo.app */,
				88A04D062B7DFF63007ACC23 /* GamesInfoTests.xctest */,
				88A04D102B7DFF63007ACC23 /* GamesInfoUITests.xctest */,
			);
			name = Products;
			sourceTree = "<group>";
		};
		88A04CEF2B7DFF62007ACC23 /* GamesInfo */ = {
			isa = PBXGroup;
			children = (
				88A04D4D2B7E1A5B007ACC23 /* Configuration */,
				88A04D3E2B7E171F007ACC23 /* Environment */,
				88A04D3D2B7E0CA0007ACC23 /* Persistance */,
				88A04D312B7E0B1F007ACC23 /* Analytics */,
				88A04D2A2B7E0A6E007ACC23 /* Network */,
				88A04D272B7E0A3E007ACC23 /* Utils */,
				88A04D262B7E0A30007ACC23 /* Coordinator */,
				88A04D252B7E0A24007ACC23 /* View */,
				88A04D242B7E0A1D007ACC23 /* Model */,
				88A04CF02B7DFF62007ACC23 /* AppDelegate.swift */,
				88A04CF22B7DFF62007ACC23 /* SceneDelegate.swift */,
				88A04CF42B7DFF62007ACC23 /* ViewController.swift */,
				88A04CF62B7DFF62007ACC23 /* Main.storyboard */,
				88A04CFC2B7DFF63007ACC23 /* Assets.xcassets */,
				88A04CFE2B7DFF63007ACC23 /* LaunchScreen.storyboard */,
				88A04D012B7DFF63007ACC23 /* Info.plist */,
				88A04CF92B7DFF62007ACC23 /* GamesInfo.xcdatamodeld */,
			);
			path = GamesInfo;
			sourceTree = "<group>";
		};
		88A04D092B7DFF63007ACC23 /* GamesInfoTests */ = {
			isa = PBXGroup;
			children = (
				88A04D0A2B7DFF63007ACC23 /* GamesInfoTests.swift */,
			);
			path = GamesInfoTests;
			sourceTree = "<group>";
		};
		88A04D132B7DFF63007ACC23 /* GamesInfoUITests */ = {
			isa = PBXGroup;
			children = (
				88A04D142B7DFF63007ACC23 /* GamesInfoUITests.swift */,
				88A04D162B7DFF63007ACC23 /* GamesInfoUITestsLaunchTests.swift */,
			);
			path = GamesInfoUITests;
			sourceTree = "<group>";
		};
		88A04D242B7E0A1D007ACC23 /* Model */ = {
			isa = PBXGroup;
			children = (
			);
			path = Model;
			sourceTree = "<group>";
		};
		88A04D252B7E0A24007ACC23 /* View */ = {
			isa = PBXGroup;
			children = (
				88A04D362B7E0BA4007ACC23 /* Shared */,
				88A04D292B7E0A61007ACC23 /* Main */,
				88A04D282B7E0A58007ACC23 /* Onboarding */,
			);
			path = View;
			sourceTree = "<group>";
		};
		88A04D262B7E0A30007ACC23 /* Coordinator */ = {
			isa = PBXGroup;
			children = (
				88A04D2D2B7E0AB0007ACC23 /* Coordinator.swift */,
				88A04D322B7E0B55007ACC23 /* OnboardingCoordinator.swift */,
				88A04D342B7E0B79007ACC23 /* MainCoordinator.swift */,
			);
			path = Coordinator;
			sourceTree = "<group>";
		};
		88A04D272B7E0A3E007ACC23 /* Utils */ = {
			isa = PBXGroup;
			children = (
				88A04D2F2B7E0AE3007ACC23 /* AppLogger.swift */,
			);
			path = Utils;
			sourceTree = "<group>";
		};
		88A04D282B7E0A58007ACC23 /* Onboarding */ = {
			isa = PBXGroup;
			children = (
			);
			path = Onboarding;
			sourceTree = "<group>";
		};
		88A04D292B7E0A61007ACC23 /* Main */ = {
			isa = PBXGroup;
			children = (
			);
			path = Main;
			sourceTree = "<group>";
		};
		88A04D2A2B7E0A6E007ACC23 /* Network */ = {
			isa = PBXGroup;
			children = (
				88A04D2B2B7E0A8B007ACC23 /* NetworkProtocol.swift */,
			);
			path = Network;
			sourceTree = "<group>";
		};
		88A04D312B7E0B1F007ACC23 /* Analytics */ = {
			isa = PBXGroup;
			children = (
			);
			path = Analytics;
			sourceTree = "<group>";
		};
		88A04D362B7E0BA4007ACC23 /* Shared */ = {
			isa = PBXGroup;
			children = (
				88A04D372B7E0BBA007ACC23 /* BaseViewController.swift */,
				88A04D3B2B7E0C0D007ACC23 /* ViewModelProtocol.swift */,
			);
			path = Shared;
			sourceTree = "<group>";
		};
		88A04D3D2B7E0CA0007ACC23 /* Persistance */ = {
			isa = PBXGroup;
			children = (
			);
			path = Persistance;
			sourceTree = "<group>";
		};
		88A04D3E2B7E171F007ACC23 /* Environment */ = {
			isa = PBXGroup;
			children = (
				88A04D3F2B7E1731007ACC23 /* Environment.swift */,
			);
			path = Environment;
			sourceTree = "<group>";
		};
		88A04D4D2B7E1A5B007ACC23 /* Configuration */ = {
			isa = PBXGroup;
			children = (
				88A04D4E2B7E1A7D007ACC23 /* Dev.xcconfig */,
				88A04D4F2B7E1ACD007ACC23 /* STAGE.xcconfig */,
				88A04D502B7E1AE7007ACC23 /* PROD.xcconfig */,
				88A04D512B7E1F2C007ACC23 /* Debug.xcconfig */,
				88A04D522B7E1F3A007ACC23 /* Release.xcconfig */,
			);
			path = Configuration;
			sourceTree = "<group>";
		};
/* End PBXGroup section */

/* Begin PBXNativeTarget section */
		88A04CEC2B7DFF62007ACC23 /* GamesInfo */ = {
			isa = PBXNativeTarget;
			buildConfigurationList = 88A04D1A2B7DFF63007ACC23 /* Build configuration list for PBXNativeTarget "GamesInfo" */;
			buildPhases = (
				88A04CE92B7DFF62007ACC23 /* Sources */,
				88A04CEA2B7DFF62007ACC23 /* Frameworks */,
				88A04CEB2B7DFF62007ACC23 /* Resources */,
				88A04D232B7E031E007ACC23 /* Lint */,
			);
			buildRules = (
			);
			dependencies = (
			);
			name = GamesInfo;
			productName = GamesInfo;
			productReference = 88A04CED2B7DFF62007ACC23 /* GamesInfo.app */;
			productType = "com.apple.product-type.application";
		};
		88A04D052B7DFF63007ACC23 /* GamesInfoTests */ = {
			isa = PBXNativeTarget;
			buildConfigurationList = 88A04D1D2B7DFF63007ACC23 /* Build configuration list for PBXNativeTarget "GamesInfoTests" */;
			buildPhases = (
				88A04D022B7DFF63007ACC23 /* Sources */,
				88A04D032B7DFF63007ACC23 /* Frameworks */,
				88A04D042B7DFF63007ACC23 /* Resources */,
			);
			buildRules = (
			);
			dependencies = (
				88A04D082B7DFF63007ACC23 /* PBXTargetDependency */,
			);
			name = GamesInfoTests;
			productName = GamesInfoTests;
			productReference = 88A04D062B7DFF63007ACC23 /* GamesInfoTests.xctest */;
			productType = "com.apple.product-type.bundle.unit-test";
		};
		88A04D0F2B7DFF63007ACC23 /* GamesInfoUITests */ = {
			isa = PBXNativeTarget;
			buildConfigurationList = 88A04D202B7DFF63007ACC23 /* Build configuration list for PBXNativeTarget "GamesInfoUITests" */;
			buildPhases = (
				88A04D0C2B7DFF63007ACC23 /* Sources */,
				88A04D0D2B7DFF63007ACC23 /* Frameworks */,
				88A04D0E2B7DFF63007ACC23 /* Resources */,
			);
			buildRules = (
			);
			dependencies = (
				88A04D122B7DFF63007ACC23 /* PBXTargetDependency */,
			);
			name = GamesInfoUITests;
			productName = GamesInfoUITests;
			productReference = 88A04D102B7DFF63007ACC23 /* GamesInfoUITests.xctest */;
			productType = "com.apple.product-type.bundle.ui-testing";
		};
/* End PBXNativeTarget section */

/* Begin PBXProject section */
		88A04CE52B7DFF61007ACC23 /* Project object */ = {
			isa = PBXProject;
			attributes = {
				BuildIndependentTargetsInParallel = 1;
				LastSwiftUpdateCheck = 1520;
				LastUpgradeCheck = 1520;
				TargetAttributes = {
					88A04CEC2B7DFF62007ACC23 = {
						CreatedOnToolsVersion = 15.2;
					};
					88A04D052B7DFF63007ACC23 = {
						CreatedOnToolsVersion = 15.2;
						TestTargetID = 88A04CEC2B7DFF62007ACC23;
					};
					88A04D0F2B7DFF63007ACC23 = {
						CreatedOnToolsVersion = 15.2;
						TestTargetID = 88A04CEC2B7DFF62007ACC23;
					};
				};
			};
			buildConfigurationList = 88A04CE82B7DFF61007ACC23 /* Build configuration list for PBXProject "GamesInfo" */;
			compatibilityVersion = "Xcode 14.0";
			developmentRegion = en;
			hasScannedForEncodings = 0;
			knownRegions = (
				en,
				Base,
			);
			mainGroup = 88A04CE42B7DFF61007ACC23;
			productRefGroup = 88A04CEE2B7DFF62007ACC23 /* Products */;
			projectDirPath = "";
			projectRoot = "";
			targets = (
				88A04CEC2B7DFF62007ACC23 /* GamesInfo */,
				88A04D052B7DFF63007ACC23 /* GamesInfoTests */,
				88A04D0F2B7DFF63007ACC23 /* GamesInfoUITests */,
			);
		};
/* End PBXProject section */

/* Begin PBXResourcesBuildPhase section */
		88A04CEB2B7DFF62007ACC23 /* Resources */ = {
			isa = PBXResourcesBuildPhase;
			buildActionMask = 2147483647;
			files = (
				88A04D002B7DFF63007ACC23 /* LaunchScreen.storyboard in Resources */,
				88A04CFD2B7DFF63007ACC23 /* Assets.xcassets in Resources */,
				88A04CF82B7DFF62007ACC23 /* Main.storyboard in Resources */,
			);
			runOnlyForDeploymentPostprocessing = 0;
		};
		88A04D042B7DFF63007ACC23 /* Resources */ = {
			isa = PBXResourcesBuildPhase;
			buildActionMask = 2147483647;
			files = (
			);
			runOnlyForDeploymentPostprocessing = 0;
		};
		88A04D0E2B7DFF63007ACC23 /* Resources */ = {
			isa = PBXResourcesBuildPhase;
			buildActionMask = 2147483647;
			files = (
			);
			runOnlyForDeploymentPostprocessing = 0;
		};
/* End PBXResourcesBuildPhase section */

/* Begin PBXShellScriptBuildPhase section */
		88A04D232B7E031E007ACC23 /* Lint */ = {
			isa = PBXShellScriptBuildPhase;
			alwaysOutOfDate = 1;
			buildActionMask = 2147483647;
			files = (
			);
			inputFileListPaths = (
			);
			inputPaths = (
			);
			name = Lint;
			outputFileListPaths = (
			);
			outputPaths = (
			);
			runOnlyForDeploymentPostprocessing = 0;
			shellPath = /bin/sh;
			shellScript = "projectFolder=$SRCROOT\ncd $projectFolder\necho $projectFolder\n\nlintingScript=\"$projectFolder/Linting/lint.sh\"\n\nif test -f $lintingScript; then\n    $lintingScript\nelse \n    echo \"warning: missing linting script\"\nfi\n";
		};
/* End PBXShellScriptBuildPhase section */

/* Begin PBXSourcesBuildPhase section */
		88A04CE92B7DFF62007ACC23 /* Sources */ = {
			isa = PBXSourcesBuildPhase;
			buildActionMask = 2147483647;
			files = (
				88A04CF52B7DFF62007ACC23 /* ViewController.swift in Sources */,
				88A04D402B7E1731007ACC23 /* Environment.swift in Sources */,
				88A04CF12B7DFF62007ACC23 /* AppDelegate.swift in Sources */,
				88A04D2E2B7E0AB0007ACC23 /* Coordinator.swift in Sources */,
				88A04D2C2B7E0A8B007ACC23 /* NetworkProtocol.swift in Sources */,
				88A04CF32B7DFF62007ACC23 /* SceneDelegate.swift in Sources */,
				88A04D382B7E0BBA007ACC23 /* BaseViewController.swift in Sources */,
				88A04D332B7E0B55007ACC23 /* OnboardingCoordinator.swift in Sources */,
				88A04D3C2B7E0C0D007ACC23 /* ViewModelProtocol.swift in Sources */,
				88A04D302B7E0AE3007ACC23 /* AppLogger.swift in Sources */,
				88A04D352B7E0B79007ACC23 /* MainCoordinator.swift in Sources */,
				88A04CFB2B7DFF62007ACC23 /* GamesInfo.xcdatamodeld in Sources */,
			);
			runOnlyForDeploymentPostprocessing = 0;
		};
		88A04D022B7DFF63007ACC23 /* Sources */ = {
			isa = PBXSourcesBuildPhase;
			buildActionMask = 2147483647;
			files = (
				88A04D0B2B7DFF63007ACC23 /* GamesInfoTests.swift in Sources */,
			);
			runOnlyForDeploymentPostprocessing = 0;
		};
		88A04D0C2B7DFF63007ACC23 /* Sources */ = {
			isa = PBXSourcesBuildPhase;
			buildActionMask = 2147483647;
			files = (
				88A04D172B7DFF63007ACC23 /* GamesInfoUITestsLaunchTests.swift in Sources */,
				88A04D152B7DFF63007ACC23 /* GamesInfoUITests.swift in Sources */,
			);
			runOnlyForDeploymentPostprocessing = 0;
		};
/* End PBXSourcesBuildPhase section */

/* Begin PBXTargetDependency section */
		88A04D082B7DFF63007ACC23 /* PBXTargetDependency */ = {
			isa = PBXTargetDependency;
			target = 88A04CEC2B7DFF62007ACC23 /* GamesInfo */;
			targetProxy = 88A04D072B7DFF63007ACC23 /* PBXContainerItemProxy */;
		};
		88A04D122B7DFF63007ACC23 /* PBXTargetDependency */ = {
			isa = PBXTargetDependency;
			target = 88A04CEC2B7DFF62007ACC23 /* GamesInfo */;
			targetProxy = 88A04D112B7DFF63007ACC23 /* PBXContainerItemProxy */;
		};
/* End PBXTargetDependency section */

/* Begin PBXVariantGroup section */
		88A04CF62B7DFF62007ACC23 /* Main.storyboard */ = {
			isa = PBXVariantGroup;
			children = (
				88A04CF72B7DFF62007ACC23 /* Base */,
			);
			name = Main.storyboard;
			sourceTree = "<group>";
		};
		88A04CFE2B7DFF63007ACC23 /* LaunchScreen.storyboard */ = {
			isa = PBXVariantGroup;
			children = (
				88A04CFF2B7DFF63007ACC23 /* Base */,
			);
			name = LaunchScreen.storyboard;
			sourceTree = "<group>";
		};
/* End PBXVariantGroup section */

/* Begin XCBuildConfiguration section */
		88A04D182B7DFF63007ACC23 /* Debug */ = {
			isa = XCBuildConfiguration;
			buildSettings = {
				ALWAYS_SEARCH_USER_PATHS = NO;
				ASSETCATALOG_COMPILER_GENERATE_SWIFT_ASSET_SYMBOL_EXTENSIONS = YES;
				CLANG_ANALYZER_NONNULL = YES;
				CLANG_ANALYZER_NUMBER_OBJECT_CONVERSION = YES_AGGRESSIVE;
				CLANG_CXX_LANGUAGE_STANDARD = "gnu++20";
				CLANG_ENABLE_MODULES = YES;
				CLANG_ENABLE_OBJC_ARC = YES;
				CLANG_ENABLE_OBJC_WEAK = YES;
				CLANG_WARN_BLOCK_CAPTURE_AUTORELEASING = YES;
				CLANG_WARN_BOOL_CONVERSION = YES;
				CLANG_WARN_COMMA = YES;
				CLANG_WARN_CONSTANT_CONVERSION = YES;
				CLANG_WARN_DEPRECATED_OBJC_IMPLEMENTATIONS = YES;
				CLANG_WARN_DIRECT_OBJC_ISA_USAGE = YES_ERROR;
				CLANG_WARN_DOCUMENTATION_COMMENTS = YES;
				CLANG_WARN_EMPTY_BODY = YES;
				CLANG_WARN_ENUM_CONVERSION = YES;
				CLANG_WARN_INFINITE_RECURSION = YES;
				CLANG_WARN_INT_CONVERSION = YES;
				CLANG_WARN_NON_LITERAL_NULL_CONVERSION = YES;
				CLANG_WARN_OBJC_IMPLICIT_RETAIN_SELF = YES;
				CLANG_WARN_OBJC_LITERAL_CONVERSION = YES;
				CLANG_WARN_OBJC_ROOT_CLASS = YES_ERROR;
				CLANG_WARN_QUOTED_INCLUDE_IN_FRAMEWORK_HEADER = YES;
				CLANG_WARN_RANGE_LOOP_ANALYSIS = YES;
				CLANG_WARN_STRICT_PROTOTYPES = YES;
				CLANG_WARN_SUSPICIOUS_MOVE = YES;
				CLANG_WARN_UNGUARDED_AVAILABILITY = YES_AGGRESSIVE;
				CLANG_WARN_UNREACHABLE_CODE = YES;
				CLANG_WARN__DUPLICATE_METHOD_MATCH = YES;
				COPY_PHASE_STRIP = NO;
				DEBUG_INFORMATION_FORMAT = dwarf;
				ENABLE_STRICT_OBJC_MSGSEND = YES;
				ENABLE_TESTABILITY = YES;
				ENABLE_USER_SCRIPT_SANDBOXING = YES;
				GCC_C_LANGUAGE_STANDARD = gnu17;
				GCC_DYNAMIC_NO_PIC = NO;
				GCC_NO_COMMON_BLOCKS = YES;
				GCC_OPTIMIZATION_LEVEL = 0;
				GCC_PREPROCESSOR_DEFINITIONS = (
					"DEBUG=1",
					"$(inherited)",
				);
				GCC_WARN_64_TO_32_BIT_CONVERSION = YES;
				GCC_WARN_ABOUT_RETURN_TYPE = YES_ERROR;
				GCC_WARN_UNDECLARED_SELECTOR = YES;
				GCC_WARN_UNINITIALIZED_AUTOS = YES_AGGRESSIVE;
				GCC_WARN_UNUSED_FUNCTION = YES;
				GCC_WARN_UNUSED_VARIABLE = YES;
				IPHONEOS_DEPLOYMENT_TARGET = 17.2;
				LOCALIZATION_PREFERS_STRING_CATALOGS = YES;
				MTL_ENABLE_DEBUG_INFO = INCLUDE_SOURCE;
				MTL_FAST_MATH = YES;
				ONLY_ACTIVE_ARCH = YES;
				SDKROOT = iphoneos;
				SWIFT_ACTIVE_COMPILATION_CONDITIONS = "DEBUG $(inherited)";
				SWIFT_OPTIMIZATION_LEVEL = "-Onone";
			};
			name = Debug;
		};
		88A04D192B7DFF63007ACC23 /* Release */ = {
			isa = XCBuildConfiguration;
			buildSettings = {
				ALWAYS_SEARCH_USER_PATHS = NO;
				ASSETCATALOG_COMPILER_GENERATE_SWIFT_ASSET_SYMBOL_EXTENSIONS = YES;
				CLANG_ANALYZER_NONNULL = YES;
				CLANG_ANALYZER_NUMBER_OBJECT_CONVERSION = YES_AGGRESSIVE;
				CLANG_CXX_LANGUAGE_STANDARD = "gnu++20";
				CLANG_ENABLE_MODULES = YES;
				CLANG_ENABLE_OBJC_ARC = YES;
				CLANG_ENABLE_OBJC_WEAK = YES;
				CLANG_WARN_BLOCK_CAPTURE_AUTORELEASING = YES;
				CLANG_WARN_BOOL_CONVERSION = YES;
				CLANG_WARN_COMMA = YES;
				CLANG_WARN_CONSTANT_CONVERSION = YES;
				CLANG_WARN_DEPRECATED_OBJC_IMPLEMENTATIONS = YES;
				CLANG_WARN_DIRECT_OBJC_ISA_USAGE = YES_ERROR;
				CLANG_WARN_DOCUMENTATION_COMMENTS = YES;
				CLANG_WARN_EMPTY_BODY = YES;
				CLANG_WARN_ENUM_CONVERSION = YES;
				CLANG_WARN_INFINITE_RECURSION = YES;
				CLANG_WARN_INT_CONVERSION = YES;
				CLANG_WARN_NON_LITERAL_NULL_CONVERSION = YES;
				CLANG_WARN_OBJC_IMPLICIT_RETAIN_SELF = YES;
				CLANG_WARN_OBJC_LITERAL_CONVERSION = YES;
				CLANG_WARN_OBJC_ROOT_CLASS = YES_ERROR;
				CLANG_WARN_QUOTED_INCLUDE_IN_FRAMEWORK_HEADER = YES;
				CLANG_WARN_RANGE_LOOP_ANALYSIS = YES;
				CLANG_WARN_STRICT_PROTOTYPES = YES;
				CLANG_WARN_SUSPICIOUS_MOVE = YES;
				CLANG_WARN_UNGUARDED_AVAILABILITY = YES_AGGRESSIVE;
				CLANG_WARN_UNREACHABLE_CODE = YES;
				CLANG_WARN__DUPLICATE_METHOD_MATCH = YES;
				COPY_PHASE_STRIP = NO;
				DEBUG_INFORMATION_FORMAT = "dwarf-with-dsym";
				ENABLE_NS_ASSERTIONS = NO;
				ENABLE_STRICT_OBJC_MSGSEND = YES;
				ENABLE_USER_SCRIPT_SANDBOXING = YES;
				GCC_C_LANGUAGE_STANDARD = gnu17;
				GCC_NO_COMMON_BLOCKS = YES;
				GCC_WARN_64_TO_32_BIT_CONVERSION = YES;
				GCC_WARN_ABOUT_RETURN_TYPE = YES_ERROR;
				GCC_WARN_UNDECLARED_SELECTOR = YES;
				GCC_WARN_UNINITIALIZED_AUTOS = YES_AGGRESSIVE;
				GCC_WARN_UNUSED_FUNCTION = YES;
				GCC_WARN_UNUSED_VARIABLE = YES;
				IPHONEOS_DEPLOYMENT_TARGET = 17.2;
				LOCALIZATION_PREFERS_STRING_CATALOGS = YES;
				MTL_ENABLE_DEBUG_INFO = NO;
				MTL_FAST_MATH = YES;
				SDKROOT = iphoneos;
				SWIFT_COMPILATION_MODE = wholemodule;
				VALIDATE_PRODUCT = YES;
			};
			name = Release;
		};
		88A04D1B2B7DFF63007ACC23 /* Debug */ = {
			isa = XCBuildConfiguration;
			buildSettings = {
				ASSETCATALOG_COMPILER_APPICON_NAME = AppIcon;
				ASSETCATALOG_COMPILER_GLOBAL_ACCENT_COLOR_NAME = AccentColor;
				CODE_SIGN_STYLE = Automatic;
				CURRENT_PROJECT_VERSION = 1;
				DEVELOPMENT_TEAM = 48ZGK5S53A;
				ENABLE_USER_SCRIPT_SANDBOXING = NO;
				GENERATE_INFOPLIST_FILE = YES;
				INFOPLIST_FILE = GamesInfo/Info.plist;
				INFOPLIST_KEY_CFBundleDisplayName = "GamesInfo-Debug";
				INFOPLIST_KEY_UIApplicationSupportsIndirectInputEvents = YES;
				INFOPLIST_KEY_UILaunchStoryboardName = LaunchScreen;
				INFOPLIST_KEY_UIMainStoryboardFile = Main;
				INFOPLIST_KEY_UISupportedInterfaceOrientations_iPad = "UIInterfaceOrientationPortrait UIInterfaceOrientationPortraitUpsideDown UIInterfaceOrientationLandscapeLeft UIInterfaceOrientationLandscapeRight";
				INFOPLIST_KEY_UISupportedInterfaceOrientations_iPhone = "UIInterfaceOrientationPortrait UIInterfaceOrientationLandscapeLeft UIInterfaceOrientationLandscapeRight";
				LD_RUNPATH_SEARCH_PATHS = (
					"$(inherited)",
					"@executable_path/Frameworks",
				);
				MARKETING_VERSION = 1.0;
				PRODUCT_BUNDLE_IDENTIFIER = dev.oleksi.GamesInfo.debug;
				PRODUCT_NAME = "$(TARGET_NAME)";
				SWIFT_EMIT_LOC_STRINGS = YES;
				SWIFT_VERSION = 5.0;
				TARGETED_DEVICE_FAMILY = "1,2";
			};
			name = Debug;
		};
		88A04D1C2B7DFF63007ACC23 /* Release */ = {
			isa = XCBuildConfiguration;
			buildSettings = {
				ASSETCATALOG_COMPILER_APPICON_NAME = AppIcon;
				ASSETCATALOG_COMPILER_GLOBAL_ACCENT_COLOR_NAME = AccentColor;
				CODE_SIGN_STYLE = Automatic;
				CURRENT_PROJECT_VERSION = 1;
				DEVELOPMENT_TEAM = 48ZGK5S53A;
				ENABLE_USER_SCRIPT_SANDBOXING = NO;
				GENERATE_INFOPLIST_FILE = YES;
				INFOPLIST_FILE = GamesInfo/Info.plist;
				INFOPLIST_KEY_CFBundleDisplayName = "GamesInfo-Release";
				INFOPLIST_KEY_UIApplicationSupportsIndirectInputEvents = YES;
				INFOPLIST_KEY_UILaunchStoryboardName = LaunchScreen;
				INFOPLIST_KEY_UIMainStoryboardFile = Main;
				INFOPLIST_KEY_UISupportedInterfaceOrientations_iPad = "UIInterfaceOrientationPortrait UIInterfaceOrientationPortraitUpsideDown UIInterfaceOrientationLandscapeLeft UIInterfaceOrientationLandscapeRight";
				INFOPLIST_KEY_UISupportedInterfaceOrientations_iPhone = "UIInterfaceOrientationPortrait UIInterfaceOrientationLandscapeLeft UIInterfaceOrientationLandscapeRight";
				LD_RUNPATH_SEARCH_PATHS = (
					"$(inherited)",
					"@executable_path/Frameworks",
				);
				MARKETING_VERSION = 1.0;
				PRODUCT_BUNDLE_IDENTIFIER = dev.oleksi.GamesInfo.reelase;
				PRODUCT_NAME = "$(TARGET_NAME)";
				SWIFT_EMIT_LOC_STRINGS = YES;
				SWIFT_VERSION = 5.0;
				TARGETED_DEVICE_FAMILY = "1,2";
			};
			name = Release;
		};
		88A04D1E2B7DFF63007ACC23 /* Debug */ = {
			isa = XCBuildConfiguration;
			buildSettings = {
				ALWAYS_EMBED_SWIFT_STANDARD_LIBRARIES = YES;
				BUNDLE_LOADER = "$(TEST_HOST)";
				CODE_SIGN_STYLE = Automatic;
				CURRENT_PROJECT_VERSION = 1;
				DEVELOPMENT_TEAM = 48ZGK5S53A;
				GENERATE_INFOPLIST_FILE = YES;
				IPHONEOS_DEPLOYMENT_TARGET = 17.2;
				MARKETING_VERSION = 1.0;
				PRODUCT_BUNDLE_IDENTIFIER = dev.oleksi.GamesInfoTests;
				PRODUCT_NAME = "$(TARGET_NAME)";
				SWIFT_EMIT_LOC_STRINGS = NO;
				SWIFT_VERSION = 5.0;
				TARGETED_DEVICE_FAMILY = "1,2";
				TEST_HOST = "$(BUILT_PRODUCTS_DIR)/GamesInfo.app/$(BUNDLE_EXECUTABLE_FOLDER_PATH)/GamesInfo";
			};
			name = Debug;
		};
		88A04D1F2B7DFF63007ACC23 /* Release */ = {
			isa = XCBuildConfiguration;
			buildSettings = {
				ALWAYS_EMBED_SWIFT_STANDARD_LIBRARIES = YES;
				BUNDLE_LOADER = "$(TEST_HOST)";
				CODE_SIGN_STYLE = Automatic;
				CURRENT_PROJECT_VERSION = 1;
				DEVELOPMENT_TEAM = 48ZGK5S53A;
				GENERATE_INFOPLIST_FILE = YES;
				IPHONEOS_DEPLOYMENT_TARGET = 17.2;
				MARKETING_VERSION = 1.0;
				PRODUCT_BUNDLE_IDENTIFIER = dev.oleksi.GamesInfoTests;
				PRODUCT_NAME = "$(TARGET_NAME)";
				SWIFT_EMIT_LOC_STRINGS = NO;
				SWIFT_VERSION = 5.0;
				TARGETED_DEVICE_FAMILY = "1,2";
				TEST_HOST = "$(BUILT_PRODUCTS_DIR)/GamesInfo.app/$(BUNDLE_EXECUTABLE_FOLDER_PATH)/GamesInfo";
			};
			name = Release;
		};
		88A04D212B7DFF63007ACC23 /* Debug */ = {
			isa = XCBuildConfiguration;
			buildSettings = {
				ALWAYS_EMBED_SWIFT_STANDARD_LIBRARIES = YES;
				CODE_SIGN_STYLE = Automatic;
				CURRENT_PROJECT_VERSION = 1;
				DEVELOPMENT_TEAM = 48ZGK5S53A;
				GENERATE_INFOPLIST_FILE = YES;
				MARKETING_VERSION = 1.0;
				PRODUCT_BUNDLE_IDENTIFIER = dev.oleksi.GamesInfoUITests;
				PRODUCT_NAME = "$(TARGET_NAME)";
				SWIFT_EMIT_LOC_STRINGS = NO;
				SWIFT_VERSION = 5.0;
				TARGETED_DEVICE_FAMILY = "1,2";
				TEST_TARGET_NAME = GamesInfo;
			};
			name = Debug;
		};
		88A04D222B7DFF63007ACC23 /* Release */ = {
			isa = XCBuildConfiguration;
			buildSettings = {
				ALWAYS_EMBED_SWIFT_STANDARD_LIBRARIES = YES;
				CODE_SIGN_STYLE = Automatic;
				CURRENT_PROJECT_VERSION = 1;
				DEVELOPMENT_TEAM = 48ZGK5S53A;
				GENERATE_INFOPLIST_FILE = YES;
				MARKETING_VERSION = 1.0;
				PRODUCT_BUNDLE_IDENTIFIER = dev.oleksi.GamesInfoUITests;
				PRODUCT_NAME = "$(TARGET_NAME)";
				SWIFT_EMIT_LOC_STRINGS = NO;
				SWIFT_VERSION = 5.0;
				TARGETED_DEVICE_FAMILY = "1,2";
				TEST_TARGET_NAME = GamesInfo;
			};
			name = Release;
		};
		88A04D412B7E187C007ACC23 /* DEV */ = {
			isa = XCBuildConfiguration;
			buildSettings = {
				ALWAYS_SEARCH_USER_PATHS = NO;
				ASSETCATALOG_COMPILER_GENERATE_SWIFT_ASSET_SYMBOL_EXTENSIONS = YES;
				CLANG_ANALYZER_NONNULL = YES;
				CLANG_ANALYZER_NUMBER_OBJECT_CONVERSION = YES_AGGRESSIVE;
				CLANG_CXX_LANGUAGE_STANDARD = "gnu++20";
				CLANG_ENABLE_MODULES = YES;
				CLANG_ENABLE_OBJC_ARC = YES;
				CLANG_ENABLE_OBJC_WEAK = YES;
				CLANG_WARN_BLOCK_CAPTURE_AUTORELEASING = YES;
				CLANG_WARN_BOOL_CONVERSION = YES;
				CLANG_WARN_COMMA = YES;
				CLANG_WARN_CONSTANT_CONVERSION = YES;
				CLANG_WARN_DEPRECATED_OBJC_IMPLEMENTATIONS = YES;
				CLANG_WARN_DIRECT_OBJC_ISA_USAGE = YES_ERROR;
				CLANG_WARN_DOCUMENTATION_COMMENTS = YES;
				CLANG_WARN_EMPTY_BODY = YES;
				CLANG_WARN_ENUM_CONVERSION = YES;
				CLANG_WARN_INFINITE_RECURSION = YES;
				CLANG_WARN_INT_CONVERSION = YES;
				CLANG_WARN_NON_LITERAL_NULL_CONVERSION = YES;
				CLANG_WARN_OBJC_IMPLICIT_RETAIN_SELF = YES;
				CLANG_WARN_OBJC_LITERAL_CONVERSION = YES;
				CLANG_WARN_OBJC_ROOT_CLASS = YES_ERROR;
				CLANG_WARN_QUOTED_INCLUDE_IN_FRAMEWORK_HEADER = YES;
				CLANG_WARN_RANGE_LOOP_ANALYSIS = YES;
				CLANG_WARN_STRICT_PROTOTYPES = YES;
				CLANG_WARN_SUSPICIOUS_MOVE = YES;
				CLANG_WARN_UNGUARDED_AVAILABILITY = YES_AGGRESSIVE;
				CLANG_WARN_UNREACHABLE_CODE = YES;
				CLANG_WARN__DUPLICATE_METHOD_MATCH = YES;
				COPY_PHASE_STRIP = NO;
				DEBUG_INFORMATION_FORMAT = dwarf;
				ENABLE_STRICT_OBJC_MSGSEND = YES;
				ENABLE_TESTABILITY = YES;
				ENABLE_USER_SCRIPT_SANDBOXING = YES;
				GCC_C_LANGUAGE_STANDARD = gnu17;
				GCC_DYNAMIC_NO_PIC = NO;
				GCC_NO_COMMON_BLOCKS = YES;
				GCC_OPTIMIZATION_LEVEL = 0;
				GCC_PREPROCESSOR_DEFINITIONS = (
					"DEBUG=1",
					"$(inherited)",
				);
				GCC_WARN_64_TO_32_BIT_CONVERSION = YES;
				GCC_WARN_ABOUT_RETURN_TYPE = YES_ERROR;
				GCC_WARN_UNDECLARED_SELECTOR = YES;
				GCC_WARN_UNINITIALIZED_AUTOS = YES_AGGRESSIVE;
				GCC_WARN_UNUSED_FUNCTION = YES;
				GCC_WARN_UNUSED_VARIABLE = YES;
				IPHONEOS_DEPLOYMENT_TARGET = 17.2;
				LOCALIZATION_PREFERS_STRING_CATALOGS = YES;
				MTL_ENABLE_DEBUG_INFO = INCLUDE_SOURCE;
				MTL_FAST_MATH = YES;
				ONLY_ACTIVE_ARCH = YES;
				SDKROOT = iphoneos;
				SWIFT_ACTIVE_COMPILATION_CONDITIONS = "DEBUG $(inherited)";
				SWIFT_OPTIMIZATION_LEVEL = "-Onone";
			};
			name = DEV;
		};
		88A04D422B7E187C007ACC23 /* DEV */ = {
			isa = XCBuildConfiguration;
			buildSettings = {
				ASSETCATALOG_COMPILER_APPICON_NAME = AppIcon;
				ASSETCATALOG_COMPILER_GLOBAL_ACCENT_COLOR_NAME = AccentColor;
				CODE_SIGN_STYLE = Automatic;
				CURRENT_PROJECT_VERSION = 1;
				DEVELOPMENT_TEAM = 48ZGK5S53A;
				ENABLE_USER_SCRIPT_SANDBOXING = NO;
				GENERATE_INFOPLIST_FILE = YES;
				INFOPLIST_FILE = GamesInfo/Info.plist;
				INFOPLIST_KEY_CFBundleDisplayName = "GamesInfo-DEV";
				INFOPLIST_KEY_UIApplicationSupportsIndirectInputEvents = YES;
				INFOPLIST_KEY_UILaunchStoryboardName = LaunchScreen;
				INFOPLIST_KEY_UIMainStoryboardFile = Main;
				INFOPLIST_KEY_UISupportedInterfaceOrientations_iPad = "UIInterfaceOrientationPortrait UIInterfaceOrientationPortraitUpsideDown UIInterfaceOrientationLandscapeLeft UIInterfaceOrientationLandscapeRight";
				INFOPLIST_KEY_UISupportedInterfaceOrientations_iPhone = "UIInterfaceOrientationPortrait UIInterfaceOrientationLandscapeLeft UIInterfaceOrientationLandscapeRight";
				LD_RUNPATH_SEARCH_PATHS = (
					"$(inherited)",
					"@executable_path/Frameworks",
				);
				MARKETING_VERSION = 1.0;
				PRODUCT_BUNDLE_IDENTIFIER = dev.oleksi.GamesInfo.dev;
				PRODUCT_NAME = "$(TARGET_NAME)";
				SWIFT_EMIT_LOC_STRINGS = YES;
				SWIFT_VERSION = 5.0;
				TARGETED_DEVICE_FAMILY = "1,2";
			};
			name = DEV;
		};
		88A04D432B7E187C007ACC23 /* DEV */ = {
			isa = XCBuildConfiguration;
			buildSettings = {
				ALWAYS_EMBED_SWIFT_STANDARD_LIBRARIES = YES;
				BUNDLE_LOADER = "$(TEST_HOST)";
				CODE_SIGN_STYLE = Automatic;
				CURRENT_PROJECT_VERSION = 1;
				DEVELOPMENT_TEAM = 48ZGK5S53A;
				GENERATE_INFOPLIST_FILE = YES;
				IPHONEOS_DEPLOYMENT_TARGET = 17.2;
				MARKETING_VERSION = 1.0;
				PRODUCT_BUNDLE_IDENTIFIER = dev.oleksi.GamesInfoTests;
				PRODUCT_NAME = "$(TARGET_NAME)";
				SWIFT_EMIT_LOC_STRINGS = NO;
				SWIFT_VERSION = 5.0;
				TARGETED_DEVICE_FAMILY = "1,2";
				TEST_HOST = "$(BUILT_PRODUCTS_DIR)/GamesInfo.app/$(BUNDLE_EXECUTABLE_FOLDER_PATH)/GamesInfo";
			};
			name = DEV;
		};
		88A04D442B7E187C007ACC23 /* DEV */ = {
			isa = XCBuildConfiguration;
			buildSettings = {
				ALWAYS_EMBED_SWIFT_STANDARD_LIBRARIES = YES;
				CODE_SIGN_STYLE = Automatic;
				CURRENT_PROJECT_VERSION = 1;
				DEVELOPMENT_TEAM = 48ZGK5S53A;
				GENERATE_INFOPLIST_FILE = YES;
				MARKETING_VERSION = 1.0;
				PRODUCT_BUNDLE_IDENTIFIER = dev.oleksi.GamesInfoUITests;
				PRODUCT_NAME = "$(TARGET_NAME)";
				SWIFT_EMIT_LOC_STRINGS = NO;
				SWIFT_VERSION = 5.0;
				TARGETED_DEVICE_FAMILY = "1,2";
				TEST_TARGET_NAME = GamesInfo;
			};
			name = DEV;
		};
		88A04D452B7E1889007ACC23 /* STAGE */ = {
			isa = XCBuildConfiguration;
			buildSettings = {
				ALWAYS_SEARCH_USER_PATHS = NO;
				ASSETCATALOG_COMPILER_GENERATE_SWIFT_ASSET_SYMBOL_EXTENSIONS = YES;
				CLANG_ANALYZER_NONNULL = YES;
				CLANG_ANALYZER_NUMBER_OBJECT_CONVERSION = YES_AGGRESSIVE;
				CLANG_CXX_LANGUAGE_STANDARD = "gnu++20";
				CLANG_ENABLE_MODULES = YES;
				CLANG_ENABLE_OBJC_ARC = YES;
				CLANG_ENABLE_OBJC_WEAK = YES;
				CLANG_WARN_BLOCK_CAPTURE_AUTORELEASING = YES;
				CLANG_WARN_BOOL_CONVERSION = YES;
				CLANG_WARN_COMMA = YES;
				CLANG_WARN_CONSTANT_CONVERSION = YES;
				CLANG_WARN_DEPRECATED_OBJC_IMPLEMENTATIONS = YES;
				CLANG_WARN_DIRECT_OBJC_ISA_USAGE = YES_ERROR;
				CLANG_WARN_DOCUMENTATION_COMMENTS = YES;
				CLANG_WARN_EMPTY_BODY = YES;
				CLANG_WARN_ENUM_CONVERSION = YES;
				CLANG_WARN_INFINITE_RECURSION = YES;
				CLANG_WARN_INT_CONVERSION = YES;
				CLANG_WARN_NON_LITERAL_NULL_CONVERSION = YES;
				CLANG_WARN_OBJC_IMPLICIT_RETAIN_SELF = YES;
				CLANG_WARN_OBJC_LITERAL_CONVERSION = YES;
				CLANG_WARN_OBJC_ROOT_CLASS = YES_ERROR;
				CLANG_WARN_QUOTED_INCLUDE_IN_FRAMEWORK_HEADER = YES;
				CLANG_WARN_RANGE_LOOP_ANALYSIS = YES;
				CLANG_WARN_STRICT_PROTOTYPES = YES;
				CLANG_WARN_SUSPICIOUS_MOVE = YES;
				CLANG_WARN_UNGUARDED_AVAILABILITY = YES_AGGRESSIVE;
				CLANG_WARN_UNREACHABLE_CODE = YES;
				CLANG_WARN__DUPLICATE_METHOD_MATCH = YES;
				COPY_PHASE_STRIP = NO;
				DEBUG_INFORMATION_FORMAT = dwarf;
				ENABLE_STRICT_OBJC_MSGSEND = YES;
				ENABLE_TESTABILITY = YES;
				ENABLE_USER_SCRIPT_SANDBOXING = YES;
				GCC_C_LANGUAGE_STANDARD = gnu17;
				GCC_DYNAMIC_NO_PIC = NO;
				GCC_NO_COMMON_BLOCKS = YES;
				GCC_OPTIMIZATION_LEVEL = 0;
				GCC_PREPROCESSOR_DEFINITIONS = (
					"DEBUG=1",
					"$(inherited)",
				);
				GCC_WARN_64_TO_32_BIT_CONVERSION = YES;
				GCC_WARN_ABOUT_RETURN_TYPE = YES_ERROR;
				GCC_WARN_UNDECLARED_SELECTOR = YES;
				GCC_WARN_UNINITIALIZED_AUTOS = YES_AGGRESSIVE;
				GCC_WARN_UNUSED_FUNCTION = YES;
				GCC_WARN_UNUSED_VARIABLE = YES;
				IPHONEOS_DEPLOYMENT_TARGET = 17.2;
				LOCALIZATION_PREFERS_STRING_CATALOGS = YES;
				MTL_ENABLE_DEBUG_INFO = INCLUDE_SOURCE;
				MTL_FAST_MATH = YES;
				ONLY_ACTIVE_ARCH = YES;
				SDKROOT = iphoneos;
				SWIFT_ACTIVE_COMPILATION_CONDITIONS = "DEBUG $(inherited)";
				SWIFT_OPTIMIZATION_LEVEL = "-Onone";
			};
			name = STAGE;
		};
		88A04D462B7E1889007ACC23 /* STAGE */ = {
			isa = XCBuildConfiguration;
			buildSettings = {
				ASSETCATALOG_COMPILER_APPICON_NAME = AppIcon;
				ASSETCATALOG_COMPILER_GLOBAL_ACCENT_COLOR_NAME = AccentColor;
				CODE_SIGN_STYLE = Automatic;
				CURRENT_PROJECT_VERSION = 1;
				DEVELOPMENT_TEAM = 48ZGK5S53A;
				ENABLE_USER_SCRIPT_SANDBOXING = NO;
				GENERATE_INFOPLIST_FILE = YES;
				INFOPLIST_FILE = GamesInfo/Info.plist;
				INFOPLIST_KEY_CFBundleDisplayName = "GamesInfo-STAGE";
				INFOPLIST_KEY_UIApplicationSupportsIndirectInputEvents = YES;
				INFOPLIST_KEY_UILaunchStoryboardName = LaunchScreen;
				INFOPLIST_KEY_UIMainStoryboardFile = Main;
				INFOPLIST_KEY_UISupportedInterfaceOrientations_iPad = "UIInterfaceOrientationPortrait UIInterfaceOrientationPortraitUpsideDown UIInterfaceOrientationLandscapeLeft UIInterfaceOrientationLandscapeRight";
				INFOPLIST_KEY_UISupportedInterfaceOrientations_iPhone = "UIInterfaceOrientationPortrait UIInterfaceOrientationLandscapeLeft UIInterfaceOrientationLandscapeRight";
				LD_RUNPATH_SEARCH_PATHS = (
					"$(inherited)",
					"@executable_path/Frameworks",
				);
				MARKETING_VERSION = 1.0;
				PRODUCT_BUNDLE_IDENTIFIER = dev.oleksi.GamesInfo.stage;
				PRODUCT_NAME = "$(TARGET_NAME)";
				SWIFT_EMIT_LOC_STRINGS = YES;
				SWIFT_VERSION = 5.0;
				TARGETED_DEVICE_FAMILY = "1,2";
			};
			name = STAGE;
		};
		88A04D472B7E1889007ACC23 /* STAGE */ = {
			isa = XCBuildConfiguration;
			buildSettings = {
				ALWAYS_EMBED_SWIFT_STANDARD_LIBRARIES = YES;
				BUNDLE_LOADER = "$(TEST_HOST)";
				CODE_SIGN_STYLE = Automatic;
				CURRENT_PROJECT_VERSION = 1;
				DEVELOPMENT_TEAM = 48ZGK5S53A;
				GENERATE_INFOPLIST_FILE = YES;
				IPHONEOS_DEPLOYMENT_TARGET = 17.2;
				MARKETING_VERSION = 1.0;
				PRODUCT_BUNDLE_IDENTIFIER = dev.oleksi.GamesInfoTests;
				PRODUCT_NAME = "$(TARGET_NAME)";
				SWIFT_EMIT_LOC_STRINGS = NO;
				SWIFT_VERSION = 5.0;
				TARGETED_DEVICE_FAMILY = "1,2";
				TEST_HOST = "$(BUILT_PRODUCTS_DIR)/GamesInfo.app/$(BUNDLE_EXECUTABLE_FOLDER_PATH)/GamesInfo";
			};
			name = STAGE;
		};
		88A04D482B7E1889007ACC23 /* STAGE */ = {
			isa = XCBuildConfiguration;
			buildSettings = {
				ALWAYS_EMBED_SWIFT_STANDARD_LIBRARIES = YES;
				CODE_SIGN_STYLE = Automatic;
				CURRENT_PROJECT_VERSION = 1;
				DEVELOPMENT_TEAM = 48ZGK5S53A;
				GENERATE_INFOPLIST_FILE = YES;
				MARKETING_VERSION = 1.0;
				PRODUCT_BUNDLE_IDENTIFIER = dev.oleksi.GamesInfoUITests;
				PRODUCT_NAME = "$(TARGET_NAME)";
				SWIFT_EMIT_LOC_STRINGS = NO;
				SWIFT_VERSION = 5.0;
				TARGETED_DEVICE_FAMILY = "1,2";
				TEST_TARGET_NAME = GamesInfo;
			};
			name = STAGE;
		};
		88A04D492B7E1892007ACC23 /* PROD */ = {
			isa = XCBuildConfiguration;
			buildSettings = {
				ALWAYS_SEARCH_USER_PATHS = NO;
				ASSETCATALOG_COMPILER_GENERATE_SWIFT_ASSET_SYMBOL_EXTENSIONS = YES;
				CLANG_ANALYZER_NONNULL = YES;
				CLANG_ANALYZER_NUMBER_OBJECT_CONVERSION = YES_AGGRESSIVE;
				CLANG_CXX_LANGUAGE_STANDARD = "gnu++20";
				CLANG_ENABLE_MODULES = YES;
				CLANG_ENABLE_OBJC_ARC = YES;
				CLANG_ENABLE_OBJC_WEAK = YES;
				CLANG_WARN_BLOCK_CAPTURE_AUTORELEASING = YES;
				CLANG_WARN_BOOL_CONVERSION = YES;
				CLANG_WARN_COMMA = YES;
				CLANG_WARN_CONSTANT_CONVERSION = YES;
				CLANG_WARN_DEPRECATED_OBJC_IMPLEMENTATIONS = YES;
				CLANG_WARN_DIRECT_OBJC_ISA_USAGE = YES_ERROR;
				CLANG_WARN_DOCUMENTATION_COMMENTS = YES;
				CLANG_WARN_EMPTY_BODY = YES;
				CLANG_WARN_ENUM_CONVERSION = YES;
				CLANG_WARN_INFINITE_RECURSION = YES;
				CLANG_WARN_INT_CONVERSION = YES;
				CLANG_WARN_NON_LITERAL_NULL_CONVERSION = YES;
				CLANG_WARN_OBJC_IMPLICIT_RETAIN_SELF = YES;
				CLANG_WARN_OBJC_LITERAL_CONVERSION = YES;
				CLANG_WARN_OBJC_ROOT_CLASS = YES_ERROR;
				CLANG_WARN_QUOTED_INCLUDE_IN_FRAMEWORK_HEADER = YES;
				CLANG_WARN_RANGE_LOOP_ANALYSIS = YES;
				CLANG_WARN_STRICT_PROTOTYPES = YES;
				CLANG_WARN_SUSPICIOUS_MOVE = YES;
				CLANG_WARN_UNGUARDED_AVAILABILITY = YES_AGGRESSIVE;
				CLANG_WARN_UNREACHABLE_CODE = YES;
				CLANG_WARN__DUPLICATE_METHOD_MATCH = YES;
				COPY_PHASE_STRIP = NO;
				DEBUG_INFORMATION_FORMAT = dwarf;
				ENABLE_STRICT_OBJC_MSGSEND = YES;
				ENABLE_TESTABILITY = YES;
				ENABLE_USER_SCRIPT_SANDBOXING = YES;
				GCC_C_LANGUAGE_STANDARD = gnu17;
				GCC_DYNAMIC_NO_PIC = NO;
				GCC_NO_COMMON_BLOCKS = YES;
				GCC_OPTIMIZATION_LEVEL = 0;
				GCC_PREPROCESSOR_DEFINITIONS = (
					"DEBUG=1",
					"$(inherited)",
				);
				GCC_WARN_64_TO_32_BIT_CONVERSION = YES;
				GCC_WARN_ABOUT_RETURN_TYPE = YES_ERROR;
				GCC_WARN_UNDECLARED_SELECTOR = YES;
				GCC_WARN_UNINITIALIZED_AUTOS = YES_AGGRESSIVE;
				GCC_WARN_UNUSED_FUNCTION = YES;
				GCC_WARN_UNUSED_VARIABLE = YES;
				IPHONEOS_DEPLOYMENT_TARGET = 17.2;
				LOCALIZATION_PREFERS_STRING_CATALOGS = YES;
				MTL_ENABLE_DEBUG_INFO = INCLUDE_SOURCE;
				MTL_FAST_MATH = YES;
				ONLY_ACTIVE_ARCH = YES;
				SDKROOT = iphoneos;
				SWIFT_ACTIVE_COMPILATION_CONDITIONS = "DEBUG $(inherited)";
				SWIFT_OPTIMIZATION_LEVEL = "-Onone";
			};
			name = PROD;
		};
		88A04D4A2B7E1892007ACC23 /* PROD */ = {
			isa = XCBuildConfiguration;
			buildSettings = {
				ASSETCATALOG_COMPILER_APPICON_NAME = AppIcon;
				ASSETCATALOG_COMPILER_GLOBAL_ACCENT_COLOR_NAME = AccentColor;
				CODE_SIGN_STYLE = Automatic;
				CURRENT_PROJECT_VERSION = 1;
				DEVELOPMENT_TEAM = 48ZGK5S53A;
				ENABLE_USER_SCRIPT_SANDBOXING = NO;
				GENERATE_INFOPLIST_FILE = YES;
				INFOPLIST_FILE = GamesInfo/Info.plist;
				INFOPLIST_KEY_CFBundleDisplayName = "GamesInfo-PROD";
				INFOPLIST_KEY_UIApplicationSupportsIndirectInputEvents = YES;
				INFOPLIST_KEY_UILaunchStoryboardName = LaunchScreen;
				INFOPLIST_KEY_UIMainStoryboardFile = Main;
				INFOPLIST_KEY_UISupportedInterfaceOrientations_iPad = "UIInterfaceOrientationPortrait UIInterfaceOrientationPortraitUpsideDown UIInterfaceOrientationLandscapeLeft UIInterfaceOrientationLandscapeRight";
				INFOPLIST_KEY_UISupportedInterfaceOrientations_iPhone = "UIInterfaceOrientationPortrait UIInterfaceOrientationLandscapeLeft UIInterfaceOrientationLandscapeRight";
				LD_RUNPATH_SEARCH_PATHS = (
					"$(inherited)",
					"@executable_path/Frameworks",
				);
				MARKETING_VERSION = 1.0;
				PRODUCT_BUNDLE_IDENTIFIER = dev.oleksi.GamesInfo.prod;
				PRODUCT_NAME = "$(TARGET_NAME)";
				SWIFT_EMIT_LOC_STRINGS = YES;
				SWIFT_VERSION = 5.0;
				TARGETED_DEVICE_FAMILY = "1,2";
			};
			name = PROD;
		};
		88A04D4B2B7E1892007ACC23 /* PROD */ = {
			isa = XCBuildConfiguration;
			buildSettings = {
				ALWAYS_EMBED_SWIFT_STANDARD_LIBRARIES = YES;
				BUNDLE_LOADER = "$(TEST_HOST)";
				CODE_SIGN_STYLE = Automatic;
				CURRENT_PROJECT_VERSION = 1;
				DEVELOPMENT_TEAM = 48ZGK5S53A;
				GENERATE_INFOPLIST_FILE = YES;
				IPHONEOS_DEPLOYMENT_TARGET = 17.2;
				MARKETING_VERSION = 1.0;
				PRODUCT_BUNDLE_IDENTIFIER = dev.oleksi.GamesInfoTests;
				PRODUCT_NAME = "$(TARGET_NAME)";
				SWIFT_EMIT_LOC_STRINGS = NO;
				SWIFT_VERSION = 5.0;
				TARGETED_DEVICE_FAMILY = "1,2";
				TEST_HOST = "$(BUILT_PRODUCTS_DIR)/GamesInfo.app/$(BUNDLE_EXECUTABLE_FOLDER_PATH)/GamesInfo";
			};
			name = PROD;
		};
		88A04D4C2B7E1892007ACC23 /* PROD */ = {
			isa = XCBuildConfiguration;
			buildSettings = {
				ALWAYS_EMBED_SWIFT_STANDARD_LIBRARIES = YES;
				CODE_SIGN_STYLE = Automatic;
				CURRENT_PROJECT_VERSION = 1;
				DEVELOPMENT_TEAM = 48ZGK5S53A;
				GENERATE_INFOPLIST_FILE = YES;
				MARKETING_VERSION = 1.0;
				PRODUCT_BUNDLE_IDENTIFIER = dev.oleksi.GamesInfoUITests;
				PRODUCT_NAME = "$(TARGET_NAME)";
				SWIFT_EMIT_LOC_STRINGS = NO;
				SWIFT_VERSION = 5.0;
				TARGETED_DEVICE_FAMILY = "1,2";
				TEST_TARGET_NAME = GamesInfo;
			};
			name = PROD;
		};
/* End XCBuildConfiguration section */

/* Begin XCConfigurationList section */
		88A04CE82B7DFF61007ACC23 /* Build configuration list for PBXProject "GamesInfo" */ = {
			isa = XCConfigurationList;
			buildConfigurations = (
				88A04D182B7DFF63007ACC23 /* Debug */,
				88A04D412B7E187C007ACC23 /* DEV */,
				88A04D452B7E1889007ACC23 /* STAGE */,
				88A04D492B7E1892007ACC23 /* PROD */,
				88A04D192B7DFF63007ACC23 /* Release */,
			);
			defaultConfigurationIsVisible = 0;
			defaultConfigurationName = Release;
		};
		88A04D1A2B7DFF63007ACC23 /* Build configuration list for PBXNativeTarget "GamesInfo" */ = {
			isa = XCConfigurationList;
			buildConfigurations = (
				88A04D1B2B7DFF63007ACC23 /* Debug */,
				88A04D422B7E187C007ACC23 /* DEV */,
				88A04D462B7E1889007ACC23 /* STAGE */,
				88A04D4A2B7E1892007ACC23 /* PROD */,
				88A04D1C2B7DFF63007ACC23 /* Release */,
			);
			defaultConfigurationIsVisible = 0;
			defaultConfigurationName = Release;
		};
		88A04D1D2B7DFF63007ACC23 /* Build configuration list for PBXNativeTarget "GamesInfoTests" */ = {
			isa = XCConfigurationList;
			buildConfigurations = (
				88A04D1E2B7DFF63007ACC23 /* Debug */,
				88A04D432B7E187C007ACC23 /* DEV */,
				88A04D472B7E1889007ACC23 /* STAGE */,
				88A04D4B2B7E1892007ACC23 /* PROD */,
				88A04D1F2B7DFF63007ACC23 /* Release */,
			);
			defaultConfigurationIsVisible = 0;
			defaultConfigurationName = Release;
		};
		88A04D202B7DFF63007ACC23 /* Build configuration list for PBXNativeTarget "GamesInfoUITests" */ = {
			isa = XCConfigurationList;
			buildConfigurations = (
				88A04D212B7DFF63007ACC23 /* Debug */,
				88A04D442B7E187C007ACC23 /* DEV */,
				88A04D482B7E1889007ACC23 /* STAGE */,
				88A04D4C2B7E1892007ACC23 /* PROD */,
				88A04D222B7DFF63007ACC23 /* Release */,
			);
			defaultConfigurationIsVisible = 0;
			defaultConfigurationName = Release;
		};
/* End XCConfigurationList section */

/* Begin XCVersionGroup section */
		88A04CF92B7DFF62007ACC23 /* GamesInfo.xcdatamodeld */ = {
			isa = XCVersionGroup;
			children = (
				88A04CFA2B7DFF62007ACC23 /* GamesInfo.xcdatamodel */,
			);
			currentVersion = 88A04CFA2B7DFF62007ACC23 /* GamesInfo.xcdatamodel */;
			path = GamesInfo.xcdatamodeld;
			sourceTree = "<group>";
			versionGroupType = wrapper.xcdatamodel;
		};
/* End XCVersionGroup section */
	};
	rootObject = 88A04CE52B7DFF61007ACC23 /* Project object */;
}
